// !$*UTF8*$!
{
	archiveVersion = 1;
	classes = {
	};
	objectVersion = 56;
	objects = {

/* Begin PBXBuildFile section */
		04038E172960CDE500D3C7AC /* ConnectionRequestList.swift in Sources */ = {isa = PBXBuildFile; fileRef = 04038E162960CDE500D3C7AC /* ConnectionRequestList.swift */; };
		04038E192960CE7300D3C7AC /* requestsData.json in Resources */ = {isa = PBXBuildFile; fileRef = 04038E182960CE7300D3C7AC /* requestsData.json */; };
		04038E1B2960CE9500D3C7AC /* ConnectionRequest.swift in Sources */ = {isa = PBXBuildFile; fileRef = 04038E1A2960CE9500D3C7AC /* ConnectionRequest.swift */; };
		04038E1D2960D16300D3C7AC /* ActionableConnectionRequestRow.swift in Sources */ = {isa = PBXBuildFile; fileRef = 04038E1C2960D16300D3C7AC /* ActionableConnectionRequestRow.swift */; };
		04038E222961E91900D3C7AC /* AddressViewModel.swift in Sources */ = {isa = PBXBuildFile; fileRef = 04038E212961E91900D3C7AC /* AddressViewModel.swift */; };
		04038E252961EF3900D3C7AC /* RefreshableView.swift in Sources */ = {isa = PBXBuildFile; fileRef = 04038E242961EF3900D3C7AC /* RefreshableView.swift */; };
		04038E272961F25000D3C7AC /* DateExtensions.swift in Sources */ = {isa = PBXBuildFile; fileRef = 04038E262961F25000D3C7AC /* DateExtensions.swift */; };
		04038E2B29660F2300D3C7AC /* PersonalInformationEdit.swift in Sources */ = {isa = PBXBuildFile; fileRef = 04038E2A29660F2300D3C7AC /* PersonalInformationEdit.swift */; };
		04038E2D29662FFF00D3C7AC /* ViewExtensions.swift in Sources */ = {isa = PBXBuildFile; fileRef = 04038E2C29662FFF00D3C7AC /* ViewExtensions.swift */; };
		04038E302966323600D3C7AC /* RedactionType.swift in Sources */ = {isa = PBXBuildFile; fileRef = 04038E2F2966323600D3C7AC /* RedactionType.swift */; };
		04038E322966324E00D3C7AC /* Redactable.swift in Sources */ = {isa = PBXBuildFile; fileRef = 04038E312966324E00D3C7AC /* Redactable.swift */; };
		04038E34296667CA00D3C7AC /* BlockedUserList.swift in Sources */ = {isa = PBXBuildFile; fileRef = 04038E33296667CA00D3C7AC /* BlockedUserList.swift */; };
		04038E3629679CCE00D3C7AC /* ContactStore.swift in Sources */ = {isa = PBXBuildFile; fileRef = 04038E3529679CCE00D3C7AC /* ContactStore.swift */; };
		04038E3829679FEF00D3C7AC /* Settings.swift in Sources */ = {isa = PBXBuildFile; fileRef = 04038E3729679FEF00D3C7AC /* Settings.swift */; };
		041412F72976009F008A35DA /* ProfileImageSelector.swift in Sources */ = {isa = PBXBuildFile; fileRef = 041412F62976009F008A35DA /* ProfileImageSelector.swift */; };
		041412FB2976182D008A35DA /* ProfileImage.swift in Sources */ = {isa = PBXBuildFile; fileRef = 041412FA2976182D008A35DA /* ProfileImage.swift */; };
		041413062978D7C1008A35DA /* DeviceSettings.swift in Sources */ = {isa = PBXBuildFile; fileRef = 041413052978D7C1008A35DA /* DeviceSettings.swift */; };
		041413082978D853008A35DA /* DeviceSettingsViewModel.swift in Sources */ = {isa = PBXBuildFile; fileRef = 041413072978D853008A35DA /* DeviceSettingsViewModel.swift */; };
		041413182983571D008A35DA /* ColorConstants.swift in Sources */ = {isa = PBXBuildFile; fileRef = 041413172983571D008A35DA /* ColorConstants.swift */; };
		0414131B2986ECF2008A35DA /* GoogleService-Info.plist in Resources */ = {isa = PBXBuildFile; fileRef = 0414131A2986ECF2008A35DA /* GoogleService-Info.plist */; };
		0431437B2969B3A90094D7E0 /* AddressSearchStore.swift in Sources */ = {isa = PBXBuildFile; fileRef = 0431437A2969B3A90094D7E0 /* AddressSearchStore.swift */; };
		0431437D2969B3F50094D7E0 /* AddressSearch.swift in Sources */ = {isa = PBXBuildFile; fileRef = 0431437C2969B3F50094D7E0 /* AddressSearch.swift */; };
		04314383296B46D60094D7E0 /* BuildConfiguration.swift in Sources */ = {isa = PBXBuildFile; fileRef = 04314382296B46D60094D7E0 /* BuildConfiguration.swift */; };
		04314385296B648E0094D7E0 /* connectionGroups.json in Resources */ = {isa = PBXBuildFile; fileRef = 04314384296B648E0094D7E0 /* connectionGroups.json */; };
		04314387296B64A50094D7E0 /* ConnectionGroup.swift in Sources */ = {isa = PBXBuildFile; fileRef = 04314386296B64A50094D7E0 /* ConnectionGroup.swift */; };
		04314389296B65220094D7E0 /* ConnectionGroupList.swift in Sources */ = {isa = PBXBuildFile; fileRef = 04314388296B65220094D7E0 /* ConnectionGroupList.swift */; };
		0431438B296B655F0094D7E0 /* ConnectionGroupsStore.swift in Sources */ = {isa = PBXBuildFile; fileRef = 0431438A296B655F0094D7E0 /* ConnectionGroupsStore.swift */; };
		0431438D296B6E020094D7E0 /* ConnectionGroupRow.swift in Sources */ = {isa = PBXBuildFile; fileRef = 0431438C296B6E020094D7E0 /* ConnectionGroupRow.swift */; };
		04314393296CCD010094D7E0 /* ConnectionGroupDetail.swift in Sources */ = {isa = PBXBuildFile; fileRef = 04314392296CCD010094D7E0 /* ConnectionGroupDetail.swift */; };
		04314395297087210094D7E0 /* ConnectionGroupStore.swift in Sources */ = {isa = PBXBuildFile; fileRef = 04314394297087210094D7E0 /* ConnectionGroupStore.swift */; };
		04314397297438D70094D7E0 /* PermissionGroupList.swift in Sources */ = {isa = PBXBuildFile; fileRef = 04314396297438D70094D7E0 /* PermissionGroupList.swift */; };
		0431439D2975AC830094D7E0 /* TextExtensions.swift in Sources */ = {isa = PBXBuildFile; fileRef = 0431439C2975AC830094D7E0 /* TextExtensions.swift */; };
		04B158482987F47B00846FDB /* Nuke in Frameworks */ = {isa = PBXBuildFile; productRef = 04B158472987F47B00846FDB /* Nuke */; };
		04B1584A2987F47B00846FDB /* NukeExtensions in Frameworks */ = {isa = PBXBuildFile; productRef = 04B158492987F47B00846FDB /* NukeExtensions */; };
		04B1584C2987F47B00846FDB /* NukeUI in Frameworks */ = {isa = PBXBuildFile; productRef = 04B1584B2987F47B00846FDB /* NukeUI */; };
		04B1584E2987F47F00846FDB /* SwiftKeychainWrapper in Frameworks */ = {isa = PBXBuildFile; productRef = 04B1584D2987F47F00846FDB /* SwiftKeychainWrapper */; };
		04B158502987F49600846FDB /* FirebaseAnalytics in Frameworks */ = {isa = PBXBuildFile; productRef = 04B1584F2987F49600846FDB /* FirebaseAnalytics */; };
		04B158522987F49600846FDB /* FirebaseAuth in Frameworks */ = {isa = PBXBuildFile; productRef = 04B158512987F49600846FDB /* FirebaseAuth */; };
		04B158542987F49600846FDB /* FirebaseFirestore in Frameworks */ = {isa = PBXBuildFile; productRef = 04B158532987F49600846FDB /* FirebaseFirestore */; };
		04B158562987F49600846FDB /* FirebaseMessaging in Frameworks */ = {isa = PBXBuildFile; productRef = 04B158552987F49600846FDB /* FirebaseMessaging */; };
		04B158582987FA2300846FDB /* NotificationStore.swift in Sources */ = {isa = PBXBuildFile; fileRef = 04B158572987FA2300846FDB /* NotificationStore.swift */; };
		04B1585D29903AFA00846FDB /* AlertToast in Frameworks */ = {isa = PBXBuildFile; productRef = 04B1585C29903AFA00846FDB /* AlertToast */; };
		04B1586929AC301600846FDB /* ForgotPassword.swift in Sources */ = {isa = PBXBuildFile; fileRef = 04B1586829AC301600846FDB /* ForgotPassword.swift */; };
		04B2495E29AD7F6300F56C97 /* BundleExtensions.swift in Sources */ = {isa = PBXBuildFile; fileRef = 04B2495D29AD7F6300F56C97 /* BundleExtensions.swift */; };
		04B948FC295DEA5C00703523 /* NevviApp.swift in Sources */ = {isa = PBXBuildFile; fileRef = 04B948FB295DEA5C00703523 /* NevviApp.swift */; };
		04B948FE295DEA5C00703523 /* ContentView.swift in Sources */ = {isa = PBXBuildFile; fileRef = 04B948FD295DEA5C00703523 /* ContentView.swift */; };
		04B94900295DEA5E00703523 /* Assets.xcassets in Resources */ = {isa = PBXBuildFile; fileRef = 04B948FF295DEA5E00703523 /* Assets.xcassets */; };
		04B94903295DEA5E00703523 /* Preview Assets.xcassets in Resources */ = {isa = PBXBuildFile; fileRef = 04B94902295DEA5E00703523 /* Preview Assets.xcassets */; };
		04B94910295DEAD800703523 /* User.swift in Sources */ = {isa = PBXBuildFile; fileRef = 04B9490F295DEAD800703523 /* User.swift */; };
		04B94912295DEAFC00703523 /* CircleImage.swift in Sources */ = {isa = PBXBuildFile; fileRef = 04B94911295DEAFC00703523 /* CircleImage.swift */; };
		04B94914295DEB1100703523 /* ModelData.swift in Sources */ = {isa = PBXBuildFile; fileRef = 04B94913295DEB1100703523 /* ModelData.swift */; };
		04B94916295DEB7E00703523 /* userData.json in Resources */ = {isa = PBXBuildFile; fileRef = 04B94915295DEB7E00703523 /* userData.json */; };
		04B94918295DEB9900703523 /* Connection.swift in Sources */ = {isa = PBXBuildFile; fileRef = 04B94917295DEB9900703523 /* Connection.swift */; };
		04B9491A295DEBCE00703523 /* ConnectionList.swift in Sources */ = {isa = PBXBuildFile; fileRef = 04B94919295DEBCE00703523 /* ConnectionList.swift */; };
		04B9491C295DEBE600703523 /* ConnectionDetail.swift in Sources */ = {isa = PBXBuildFile; fileRef = 04B9491B295DEBE600703523 /* ConnectionDetail.swift */; };
		04B9491E295DEBF700703523 /* ConnectionRow.swift in Sources */ = {isa = PBXBuildFile; fileRef = 04B9491D295DEBF700703523 /* ConnectionRow.swift */; };
		04B94920295DEDA100703523 /* Address.swift in Sources */ = {isa = PBXBuildFile; fileRef = 04B9491F295DEDA000703523 /* Address.swift */; };
		04B94922295DEDAF00703523 /* PermissionGroup.swift in Sources */ = {isa = PBXBuildFile; fileRef = 04B94921295DEDAF00703523 /* PermissionGroup.swift */; };
		04B94928295DEEB500703523 /* URLSessionExtensions.swift in Sources */ = {isa = PBXBuildFile; fileRef = 04B94927295DEEB500703523 /* URLSessionExtensions.swift */; };
		04B9492D295DF25200703523 /* connectionData.json in Resources */ = {isa = PBXBuildFile; fileRef = 04B9492C295DF25200703523 /* connectionData.json */; };
		04B94931295DFBBA00703523 /* Authorization.swift in Sources */ = {isa = PBXBuildFile; fileRef = 04B94930295DFBBA00703523 /* Authorization.swift */; };
		04B94934295E01F500703523 /* Login.swift in Sources */ = {isa = PBXBuildFile; fileRef = 04B94933295E01F500703523 /* Login.swift */; };
		04B94939295E059300703523 /* UIColorExtensions.swift in Sources */ = {isa = PBXBuildFile; fileRef = 04B94938295E059300703523 /* UIColorExtensions.swift */; };
		04B9493C295E070000703523 /* AccountStore.swift in Sources */ = {isa = PBXBuildFile; fileRef = 04B9493B295E070000703523 /* AccountStore.swift */; };
		04B9493E295E09E400703523 /* AuthorizationStore.swift in Sources */ = {isa = PBXBuildFile; fileRef = 04B9493D295E09E400703523 /* AuthorizationStore.swift */; };
		04B94942295E0B6500703523 /* GenericError.swift in Sources */ = {isa = PBXBuildFile; fileRef = 04B94941295E0B6500703523 /* GenericError.swift */; };
		04B94947295E57C500703523 /* UIApplicationExtensions.swift in Sources */ = {isa = PBXBuildFile; fileRef = 04B94946295E57C500703523 /* UIApplicationExtensions.swift */; };
		04B9494E295E718A00703523 /* Credentials.swift in Sources */ = {isa = PBXBuildFile; fileRef = 04B9494D295E718A00703523 /* Credentials.swift */; };
		04B94950295E731E00703523 /* KeychainStore.swift in Sources */ = {isa = PBXBuildFile; fileRef = 04B9494F295E731E00703523 /* KeychainStore.swift */; };
		04B94953295F21D200703523 /* CreateAccount.swift in Sources */ = {isa = PBXBuildFile; fileRef = 04B94952295F21D200703523 /* CreateAccount.swift */; };
		04B94955295F2E8F00703523 /* OnboardingCarousel.swift in Sources */ = {isa = PBXBuildFile; fileRef = 04B94954295F2E8F00703523 /* OnboardingCarousel.swift */; };
		04B9495B295F386F00703523 /* OnboardingIntro.swift in Sources */ = {isa = PBXBuildFile; fileRef = 04B9495A295F386E00703523 /* OnboardingIntro.swift */; };
		04B9495F295F3BE000703523 /* OnboardingSync.swift in Sources */ = {isa = PBXBuildFile; fileRef = 04B9495E295F3BE000703523 /* OnboardingSync.swift */; };
		04B94961295F3FD100703523 /* OnboardingDescription.swift in Sources */ = {isa = PBXBuildFile; fileRef = 04B94960295F3FD100703523 /* OnboardingDescription.swift */; };
		04B94963295F814100703523 /* OperatorOverloads.swift in Sources */ = {isa = PBXBuildFile; fileRef = 04B94962295F814100703523 /* OperatorOverloads.swift */; };
		04B94965295F8FDB00703523 /* StringExtensions.swift in Sources */ = {isa = PBXBuildFile; fileRef = 04B94964295F8FDB00703523 /* StringExtensions.swift */; };
		04B94967295F972500703523 /* ImagePicker.swift in Sources */ = {isa = PBXBuildFile; fileRef = 04B94966295F972500703523 /* ImagePicker.swift */; };
		04B949692960927F00703523 /* ConnectionStore.swift in Sources */ = {isa = PBXBuildFile; fileRef = 04B949682960927F00703523 /* ConnectionStore.swift */; };
		04B9496B2960964500703523 /* NavigationLazyView.swift in Sources */ = {isa = PBXBuildFile; fileRef = 04B9496A2960964500703523 /* NavigationLazyView.swift */; };
		04B9496D2960979E00703523 /* ConnectionsStore.swift in Sources */ = {isa = PBXBuildFile; fileRef = 04B9496C2960979D00703523 /* ConnectionsStore.swift */; };
		04B94970296098AA00703523 /* ConnectionsResponse.swift in Sources */ = {isa = PBXBuildFile; fileRef = 04B9496F296098AA00703523 /* ConnectionsResponse.swift */; };
		04B949722960992E00703523 /* connectionResponse.json in Resources */ = {isa = PBXBuildFile; fileRef = 04B949712960992E00703523 /* connectionResponse.json */; };
		04B949742960A4E500703523 /* UserSearch.swift in Sources */ = {isa = PBXBuildFile; fileRef = 04B949732960A4E500703523 /* UserSearch.swift */; };
		04B949762960A94A00703523 /* UsersStore.swift in Sources */ = {isa = PBXBuildFile; fileRef = 04B949752960A94A00703523 /* UsersStore.swift */; };
		04B949782960AF9B00703523 /* DebouncedText.swift in Sources */ = {isa = PBXBuildFile; fileRef = 04B949772960AF9B00703523 /* DebouncedText.swift */; };
		04B9497A2960B3E900703523 /* NewConnectionRequestRow.swift in Sources */ = {isa = PBXBuildFile; fileRef = 04B949792960B3E900703523 /* NewConnectionRequestRow.swift */; };
		273CBAB82B6C5FD00051789B /* Mantis in Frameworks */ = {isa = PBXBuildFile; productRef = 273CBAB72B6C5FD00051789B /* Mantis */; };
		277D25152B55A23000D1D717 /* NotificationList.swift in Sources */ = {isa = PBXBuildFile; fileRef = 277D25142B55A23000D1D717 /* NotificationList.swift */; };
		277D25172B55A96400D1D717 /* PermissionGroupRow.swift in Sources */ = {isa = PBXBuildFile; fileRef = 277D25162B55A96400D1D717 /* PermissionGroupRow.swift */; };
		277D251A2B55ADF000D1D717 /* WrappingHStack in Frameworks */ = {isa = PBXBuildFile; productRef = 277D25192B55ADF000D1D717 /* WrappingHStack */; };
		277D251C2B55B39F00D1D717 /* CharacterExtensions.swift in Sources */ = {isa = PBXBuildFile; fileRef = 277D251B2B55B39F00D1D717 /* CharacterExtensions.swift */; };
		277D25222B55C21F00D1D717 /* PermissionGroupPicker.swift in Sources */ = {isa = PBXBuildFile; fileRef = 277D25212B55C21F00D1D717 /* PermissionGroupPicker.swift */; };
		277D25262B55F02C00D1D717 /* PermissionGroupBadge.swift in Sources */ = {isa = PBXBuildFile; fileRef = 277D25252B55F02C00D1D717 /* PermissionGroupBadge.swift */; };
		277D25282B55F4E300D1D717 /* FieldPermissionGroupPicker.swift in Sources */ = {isa = PBXBuildFile; fileRef = 277D25272B55F4E300D1D717 /* FieldPermissionGroupPicker.swift */; };
		277D252A2B55F84900D1D717 /* PermissionGroupToggle.swift in Sources */ = {isa = PBXBuildFile; fileRef = 277D25292B55F84900D1D717 /* PermissionGroupToggle.swift */; };
		277D252C2B55F8E900D1D717 /* CheckboxToggleStyle.swift in Sources */ = {isa = PBXBuildFile; fileRef = 277D252B2B55F8E900D1D717 /* CheckboxToggleStyle.swift */; };
		277D25302B58B00800D1D717 /* PersonalInformation.swift in Sources */ = {isa = PBXBuildFile; fileRef = 277D252F2B58B00800D1D717 /* PersonalInformation.swift */; };
		277D25322B5A069A00D1D717 /* Constants.swift in Sources */ = {isa = PBXBuildFile; fileRef = 277D25312B5A069A00D1D717 /* Constants.swift */; };
		277D25342B5BED4700D1D717 /* OnboardingButton.swift in Sources */ = {isa = PBXBuildFile; fileRef = 277D25332B5BED4700D1D717 /* OnboardingButton.swift */; };
		277D25362B5C18C500D1D717 /* ImageExtensions.swift in Sources */ = {isa = PBXBuildFile; fileRef = 277D25352B5C18C500D1D717 /* ImageExtensions.swift */; };
		277D25382B5C578000D1D717 /* StackExtensions.swift in Sources */ = {isa = PBXBuildFile; fileRef = 277D25372B5C578000D1D717 /* StackExtensions.swift */; };
		277D253A2B5E9D5300D1D717 /* GroupSettings.swift in Sources */ = {isa = PBXBuildFile; fileRef = 277D25392B5E9D5300D1D717 /* GroupSettings.swift */; };
		277D253C2B5F4D7500D1D717 /* GroupConnectionRow.swift in Sources */ = {isa = PBXBuildFile; fileRef = 277D253B2B5F4D7500D1D717 /* GroupConnectionRow.swift */; };
		277D253E2B63DA4F00D1D717 /* ActionablePermissionGroupRow.swift in Sources */ = {isa = PBXBuildFile; fileRef = 277D253D2B63DA4F00D1D717 /* ActionablePermissionGroupRow.swift */; };
		277D25402B65376400D1D717 /* DynamicSheet.swift in Sources */ = {isa = PBXBuildFile; fileRef = 277D253F2B65376400D1D717 /* DynamicSheet.swift */; };
		277D25442B6694CF00D1D717 /* ConnectionSuggestionStore.swift in Sources */ = {isa = PBXBuildFile; fileRef = 277D25432B6694CF00D1D717 /* ConnectionSuggestionStore.swift */; };
		277D25462B673D1400D1D717 /* MessagingStore.swift in Sources */ = {isa = PBXBuildFile; fileRef = 277D25452B673D1400D1D717 /* MessagingStore.swift */; };
		277D25482B67E05C00D1D717 /* NotificationSettings.swift in Sources */ = {isa = PBXBuildFile; fileRef = 277D25472B67E05C00D1D717 /* NotificationSettings.swift */; };
		277D254A2B686FD500D1D717 /* FrequentlyAskedQuestionList.swift in Sources */ = {isa = PBXBuildFile; fileRef = 277D25492B686FD500D1D717 /* FrequentlyAskedQuestionList.swift */; };
		277D254C2B687C5E00D1D717 /* FrequentlyAskedQuestion.swift in Sources */ = {isa = PBXBuildFile; fileRef = 277D254B2B687C5E00D1D717 /* FrequentlyAskedQuestion.swift */; };
		277D254E2B69490700D1D717 /* PrivacySettings.swift in Sources */ = {isa = PBXBuildFile; fileRef = 277D254D2B69490700D1D717 /* PrivacySettings.swift */; };
/* End PBXBuildFile section */

/* Begin PBXFileReference section */
		04038E162960CDE500D3C7AC /* ConnectionRequestList.swift */ = {isa = PBXFileReference; lastKnownFileType = sourcecode.swift; path = ConnectionRequestList.swift; sourceTree = "<group>"; };
		04038E182960CE7300D3C7AC /* requestsData.json */ = {isa = PBXFileReference; lastKnownFileType = text.json; path = requestsData.json; sourceTree = "<group>"; };
		04038E1A2960CE9500D3C7AC /* ConnectionRequest.swift */ = {isa = PBXFileReference; lastKnownFileType = sourcecode.swift; path = ConnectionRequest.swift; sourceTree = "<group>"; };
		04038E1C2960D16300D3C7AC /* ActionableConnectionRequestRow.swift */ = {isa = PBXFileReference; lastKnownFileType = sourcecode.swift; path = ActionableConnectionRequestRow.swift; sourceTree = "<group>"; };
		04038E212961E91900D3C7AC /* AddressViewModel.swift */ = {isa = PBXFileReference; lastKnownFileType = sourcecode.swift; path = AddressViewModel.swift; sourceTree = "<group>"; };
		04038E242961EF3900D3C7AC /* RefreshableView.swift */ = {isa = PBXFileReference; lastKnownFileType = sourcecode.swift; path = RefreshableView.swift; sourceTree = "<group>"; };
		04038E262961F25000D3C7AC /* DateExtensions.swift */ = {isa = PBXFileReference; lastKnownFileType = sourcecode.swift; path = DateExtensions.swift; sourceTree = "<group>"; };
		04038E2A29660F2300D3C7AC /* PersonalInformationEdit.swift */ = {isa = PBXFileReference; lastKnownFileType = sourcecode.swift; path = PersonalInformationEdit.swift; sourceTree = "<group>"; };
		04038E2C29662FFF00D3C7AC /* ViewExtensions.swift */ = {isa = PBXFileReference; lastKnownFileType = sourcecode.swift; path = ViewExtensions.swift; sourceTree = "<group>"; };
		04038E2F2966323600D3C7AC /* RedactionType.swift */ = {isa = PBXFileReference; lastKnownFileType = sourcecode.swift; path = RedactionType.swift; sourceTree = "<group>"; };
		04038E312966324E00D3C7AC /* Redactable.swift */ = {isa = PBXFileReference; lastKnownFileType = sourcecode.swift; path = Redactable.swift; sourceTree = "<group>"; };
		04038E33296667CA00D3C7AC /* BlockedUserList.swift */ = {isa = PBXFileReference; lastKnownFileType = sourcecode.swift; path = BlockedUserList.swift; sourceTree = "<group>"; };
		04038E3529679CCE00D3C7AC /* ContactStore.swift */ = {isa = PBXFileReference; lastKnownFileType = sourcecode.swift; path = ContactStore.swift; sourceTree = "<group>"; };
		04038E3729679FEF00D3C7AC /* Settings.swift */ = {isa = PBXFileReference; lastKnownFileType = sourcecode.swift; path = Settings.swift; sourceTree = "<group>"; };
		041412F62976009F008A35DA /* ProfileImageSelector.swift */ = {isa = PBXFileReference; lastKnownFileType = sourcecode.swift; path = ProfileImageSelector.swift; sourceTree = "<group>"; };
		041412FA2976182D008A35DA /* ProfileImage.swift */ = {isa = PBXFileReference; lastKnownFileType = sourcecode.swift; path = ProfileImage.swift; sourceTree = "<group>"; };
		041413052978D7C1008A35DA /* DeviceSettings.swift */ = {isa = PBXFileReference; lastKnownFileType = sourcecode.swift; path = DeviceSettings.swift; sourceTree = "<group>"; };
		041413072978D853008A35DA /* DeviceSettingsViewModel.swift */ = {isa = PBXFileReference; lastKnownFileType = sourcecode.swift; path = DeviceSettingsViewModel.swift; sourceTree = "<group>"; };
		041413172983571D008A35DA /* ColorConstants.swift */ = {isa = PBXFileReference; lastKnownFileType = sourcecode.swift; path = ColorConstants.swift; sourceTree = "<group>"; };
		041413192986EA2B008A35DA /* Nevvi.entitlements */ = {isa = PBXFileReference; lastKnownFileType = text.plist.entitlements; path = Nevvi.entitlements; sourceTree = "<group>"; };
		0414131A2986ECF2008A35DA /* GoogleService-Info.plist */ = {isa = PBXFileReference; fileEncoding = 4; lastKnownFileType = text.plist.xml; path = "GoogleService-Info.plist"; sourceTree = "<group>"; };
		0431437A2969B3A90094D7E0 /* AddressSearchStore.swift */ = {isa = PBXFileReference; lastKnownFileType = sourcecode.swift; path = AddressSearchStore.swift; sourceTree = "<group>"; };
		0431437C2969B3F50094D7E0 /* AddressSearch.swift */ = {isa = PBXFileReference; lastKnownFileType = sourcecode.swift; path = AddressSearch.swift; sourceTree = "<group>"; };
		04314382296B46D60094D7E0 /* BuildConfiguration.swift */ = {isa = PBXFileReference; lastKnownFileType = sourcecode.swift; path = BuildConfiguration.swift; sourceTree = "<group>"; };
		04314384296B648E0094D7E0 /* connectionGroups.json */ = {isa = PBXFileReference; lastKnownFileType = text.json; path = connectionGroups.json; sourceTree = "<group>"; };
		04314386296B64A50094D7E0 /* ConnectionGroup.swift */ = {isa = PBXFileReference; lastKnownFileType = sourcecode.swift; path = ConnectionGroup.swift; sourceTree = "<group>"; };
		04314388296B65220094D7E0 /* ConnectionGroupList.swift */ = {isa = PBXFileReference; lastKnownFileType = sourcecode.swift; path = ConnectionGroupList.swift; sourceTree = "<group>"; };
		0431438A296B655F0094D7E0 /* ConnectionGroupsStore.swift */ = {isa = PBXFileReference; lastKnownFileType = sourcecode.swift; path = ConnectionGroupsStore.swift; sourceTree = "<group>"; };
		0431438C296B6E020094D7E0 /* ConnectionGroupRow.swift */ = {isa = PBXFileReference; lastKnownFileType = sourcecode.swift; path = ConnectionGroupRow.swift; sourceTree = "<group>"; };
		04314392296CCD010094D7E0 /* ConnectionGroupDetail.swift */ = {isa = PBXFileReference; lastKnownFileType = sourcecode.swift; path = ConnectionGroupDetail.swift; sourceTree = "<group>"; };
		04314394297087210094D7E0 /* ConnectionGroupStore.swift */ = {isa = PBXFileReference; lastKnownFileType = sourcecode.swift; path = ConnectionGroupStore.swift; sourceTree = "<group>"; };
		04314396297438D70094D7E0 /* PermissionGroupList.swift */ = {isa = PBXFileReference; lastKnownFileType = sourcecode.swift; path = PermissionGroupList.swift; sourceTree = "<group>"; };
		0431439C2975AC830094D7E0 /* TextExtensions.swift */ = {isa = PBXFileReference; lastKnownFileType = sourcecode.swift; path = TextExtensions.swift; sourceTree = "<group>"; };
		04B158572987FA2300846FDB /* NotificationStore.swift */ = {isa = PBXFileReference; lastKnownFileType = sourcecode.swift; path = NotificationStore.swift; sourceTree = "<group>"; };
		04B1586829AC301600846FDB /* ForgotPassword.swift */ = {isa = PBXFileReference; lastKnownFileType = sourcecode.swift; path = ForgotPassword.swift; sourceTree = "<group>"; };
		04B2495D29AD7F6300F56C97 /* BundleExtensions.swift */ = {isa = PBXFileReference; lastKnownFileType = sourcecode.swift; path = BundleExtensions.swift; sourceTree = "<group>"; };
		04B948F8295DEA5C00703523 /* Nevvi.app */ = {isa = PBXFileReference; explicitFileType = wrapper.application; includeInIndex = 0; path = Nevvi.app; sourceTree = BUILT_PRODUCTS_DIR; };
		04B948FB295DEA5C00703523 /* NevviApp.swift */ = {isa = PBXFileReference; lastKnownFileType = sourcecode.swift; path = NevviApp.swift; sourceTree = "<group>"; };
		04B948FD295DEA5C00703523 /* ContentView.swift */ = {isa = PBXFileReference; lastKnownFileType = sourcecode.swift; path = ContentView.swift; sourceTree = "<group>"; };
		04B948FF295DEA5E00703523 /* Assets.xcassets */ = {isa = PBXFileReference; lastKnownFileType = folder.assetcatalog; path = Assets.xcassets; sourceTree = "<group>"; };
		04B94902295DEA5E00703523 /* Preview Assets.xcassets */ = {isa = PBXFileReference; lastKnownFileType = folder.assetcatalog; path = "Preview Assets.xcassets"; sourceTree = "<group>"; };
		04B9490F295DEAD800703523 /* User.swift */ = {isa = PBXFileReference; lastKnownFileType = sourcecode.swift; path = User.swift; sourceTree = "<group>"; };
		04B94911295DEAFC00703523 /* CircleImage.swift */ = {isa = PBXFileReference; lastKnownFileType = sourcecode.swift; path = CircleImage.swift; sourceTree = "<group>"; };
		04B94913295DEB1100703523 /* ModelData.swift */ = {isa = PBXFileReference; lastKnownFileType = sourcecode.swift; path = ModelData.swift; sourceTree = "<group>"; };
		04B94915295DEB7E00703523 /* userData.json */ = {isa = PBXFileReference; lastKnownFileType = text.json; path = userData.json; sourceTree = "<group>"; };
		04B94917295DEB9900703523 /* Connection.swift */ = {isa = PBXFileReference; lastKnownFileType = sourcecode.swift; path = Connection.swift; sourceTree = "<group>"; };
		04B94919295DEBCE00703523 /* ConnectionList.swift */ = {isa = PBXFileReference; lastKnownFileType = sourcecode.swift; path = ConnectionList.swift; sourceTree = "<group>"; };
		04B9491B295DEBE600703523 /* ConnectionDetail.swift */ = {isa = PBXFileReference; lastKnownFileType = sourcecode.swift; path = ConnectionDetail.swift; sourceTree = "<group>"; };
		04B9491D295DEBF700703523 /* ConnectionRow.swift */ = {isa = PBXFileReference; lastKnownFileType = sourcecode.swift; path = ConnectionRow.swift; sourceTree = "<group>"; };
		04B9491F295DEDA000703523 /* Address.swift */ = {isa = PBXFileReference; lastKnownFileType = sourcecode.swift; path = Address.swift; sourceTree = "<group>"; };
		04B94921295DEDAF00703523 /* PermissionGroup.swift */ = {isa = PBXFileReference; lastKnownFileType = sourcecode.swift; path = PermissionGroup.swift; sourceTree = "<group>"; };
		04B94927295DEEB500703523 /* URLSessionExtensions.swift */ = {isa = PBXFileReference; lastKnownFileType = sourcecode.swift; path = URLSessionExtensions.swift; sourceTree = "<group>"; };
		04B9492C295DF25200703523 /* connectionData.json */ = {isa = PBXFileReference; lastKnownFileType = text.json; path = connectionData.json; sourceTree = "<group>"; };
		04B94930295DFBBA00703523 /* Authorization.swift */ = {isa = PBXFileReference; lastKnownFileType = sourcecode.swift; path = Authorization.swift; sourceTree = "<group>"; };
		04B94933295E01F500703523 /* Login.swift */ = {isa = PBXFileReference; lastKnownFileType = sourcecode.swift; path = Login.swift; sourceTree = "<group>"; };
		04B94938295E059300703523 /* UIColorExtensions.swift */ = {isa = PBXFileReference; lastKnownFileType = sourcecode.swift; path = UIColorExtensions.swift; sourceTree = "<group>"; };
		04B9493B295E070000703523 /* AccountStore.swift */ = {isa = PBXFileReference; lastKnownFileType = sourcecode.swift; path = AccountStore.swift; sourceTree = "<group>"; };
		04B9493D295E09E400703523 /* AuthorizationStore.swift */ = {isa = PBXFileReference; lastKnownFileType = sourcecode.swift; path = AuthorizationStore.swift; sourceTree = "<group>"; };
		04B94941295E0B6500703523 /* GenericError.swift */ = {isa = PBXFileReference; lastKnownFileType = sourcecode.swift; path = GenericError.swift; sourceTree = "<group>"; };
		04B94945295E4E9500703523 /* Info.plist */ = {isa = PBXFileReference; lastKnownFileType = text.plist; path = Info.plist; sourceTree = "<group>"; };
		04B94946295E57C500703523 /* UIApplicationExtensions.swift */ = {isa = PBXFileReference; lastKnownFileType = sourcecode.swift; path = UIApplicationExtensions.swift; sourceTree = "<group>"; };
		04B9494D295E718A00703523 /* Credentials.swift */ = {isa = PBXFileReference; lastKnownFileType = sourcecode.swift; path = Credentials.swift; sourceTree = "<group>"; };
		04B9494F295E731E00703523 /* KeychainStore.swift */ = {isa = PBXFileReference; lastKnownFileType = sourcecode.swift; path = KeychainStore.swift; sourceTree = "<group>"; };
		04B94952295F21D200703523 /* CreateAccount.swift */ = {isa = PBXFileReference; lastKnownFileType = sourcecode.swift; path = CreateAccount.swift; sourceTree = "<group>"; };
		04B94954295F2E8F00703523 /* OnboardingCarousel.swift */ = {isa = PBXFileReference; lastKnownFileType = sourcecode.swift; path = OnboardingCarousel.swift; sourceTree = "<group>"; };
		04B9495A295F386E00703523 /* OnboardingIntro.swift */ = {isa = PBXFileReference; lastKnownFileType = sourcecode.swift; path = OnboardingIntro.swift; sourceTree = "<group>"; };
		04B9495E295F3BE000703523 /* OnboardingSync.swift */ = {isa = PBXFileReference; lastKnownFileType = sourcecode.swift; path = OnboardingSync.swift; sourceTree = "<group>"; };
		04B94960295F3FD100703523 /* OnboardingDescription.swift */ = {isa = PBXFileReference; lastKnownFileType = sourcecode.swift; path = OnboardingDescription.swift; sourceTree = "<group>"; };
		04B94962295F814100703523 /* OperatorOverloads.swift */ = {isa = PBXFileReference; lastKnownFileType = sourcecode.swift; path = OperatorOverloads.swift; sourceTree = "<group>"; };
		04B94964295F8FDB00703523 /* StringExtensions.swift */ = {isa = PBXFileReference; lastKnownFileType = sourcecode.swift; path = StringExtensions.swift; sourceTree = "<group>"; };
		04B94966295F972500703523 /* ImagePicker.swift */ = {isa = PBXFileReference; lastKnownFileType = sourcecode.swift; path = ImagePicker.swift; sourceTree = "<group>"; };
		04B949682960927F00703523 /* ConnectionStore.swift */ = {isa = PBXFileReference; lastKnownFileType = sourcecode.swift; path = ConnectionStore.swift; sourceTree = "<group>"; };
		04B9496A2960964500703523 /* NavigationLazyView.swift */ = {isa = PBXFileReference; lastKnownFileType = sourcecode.swift; path = NavigationLazyView.swift; sourceTree = "<group>"; };
		04B9496C2960979D00703523 /* ConnectionsStore.swift */ = {isa = PBXFileReference; lastKnownFileType = sourcecode.swift; path = ConnectionsStore.swift; sourceTree = "<group>"; };
		04B9496F296098AA00703523 /* ConnectionsResponse.swift */ = {isa = PBXFileReference; lastKnownFileType = sourcecode.swift; path = ConnectionsResponse.swift; sourceTree = "<group>"; };
		04B949712960992E00703523 /* connectionResponse.json */ = {isa = PBXFileReference; lastKnownFileType = text.json; path = connectionResponse.json; sourceTree = "<group>"; };
		04B949732960A4E500703523 /* UserSearch.swift */ = {isa = PBXFileReference; lastKnownFileType = sourcecode.swift; path = UserSearch.swift; sourceTree = "<group>"; };
		04B949752960A94A00703523 /* UsersStore.swift */ = {isa = PBXFileReference; lastKnownFileType = sourcecode.swift; path = UsersStore.swift; sourceTree = "<group>"; };
		04B949772960AF9B00703523 /* DebouncedText.swift */ = {isa = PBXFileReference; lastKnownFileType = sourcecode.swift; path = DebouncedText.swift; sourceTree = "<group>"; };
		04B949792960B3E900703523 /* NewConnectionRequestRow.swift */ = {isa = PBXFileReference; lastKnownFileType = sourcecode.swift; path = NewConnectionRequestRow.swift; sourceTree = "<group>"; };
		277D25142B55A23000D1D717 /* NotificationList.swift */ = {isa = PBXFileReference; lastKnownFileType = sourcecode.swift; path = NotificationList.swift; sourceTree = "<group>"; };
		277D25162B55A96400D1D717 /* PermissionGroupRow.swift */ = {isa = PBXFileReference; lastKnownFileType = sourcecode.swift; path = PermissionGroupRow.swift; sourceTree = "<group>"; };
		277D251B2B55B39F00D1D717 /* CharacterExtensions.swift */ = {isa = PBXFileReference; lastKnownFileType = sourcecode.swift; path = CharacterExtensions.swift; sourceTree = "<group>"; };
		277D25212B55C21F00D1D717 /* PermissionGroupPicker.swift */ = {isa = PBXFileReference; lastKnownFileType = sourcecode.swift; path = PermissionGroupPicker.swift; sourceTree = "<group>"; };
		277D25252B55F02C00D1D717 /* PermissionGroupBadge.swift */ = {isa = PBXFileReference; lastKnownFileType = sourcecode.swift; path = PermissionGroupBadge.swift; sourceTree = "<group>"; };
		277D25272B55F4E300D1D717 /* FieldPermissionGroupPicker.swift */ = {isa = PBXFileReference; lastKnownFileType = sourcecode.swift; path = FieldPermissionGroupPicker.swift; sourceTree = "<group>"; };
		277D25292B55F84900D1D717 /* PermissionGroupToggle.swift */ = {isa = PBXFileReference; lastKnownFileType = sourcecode.swift; path = PermissionGroupToggle.swift; sourceTree = "<group>"; };
		277D252B2B55F8E900D1D717 /* CheckboxToggleStyle.swift */ = {isa = PBXFileReference; lastKnownFileType = sourcecode.swift; path = CheckboxToggleStyle.swift; sourceTree = "<group>"; };
		277D252F2B58B00800D1D717 /* PersonalInformation.swift */ = {isa = PBXFileReference; lastKnownFileType = sourcecode.swift; path = PersonalInformation.swift; sourceTree = "<group>"; };
		277D25312B5A069A00D1D717 /* Constants.swift */ = {isa = PBXFileReference; lastKnownFileType = sourcecode.swift; path = Constants.swift; sourceTree = "<group>"; };
		277D25332B5BED4700D1D717 /* OnboardingButton.swift */ = {isa = PBXFileReference; lastKnownFileType = sourcecode.swift; path = OnboardingButton.swift; sourceTree = "<group>"; };
		277D25352B5C18C500D1D717 /* ImageExtensions.swift */ = {isa = PBXFileReference; lastKnownFileType = sourcecode.swift; path = ImageExtensions.swift; sourceTree = "<group>"; };
		277D25372B5C578000D1D717 /* StackExtensions.swift */ = {isa = PBXFileReference; lastKnownFileType = sourcecode.swift; path = StackExtensions.swift; sourceTree = "<group>"; };
		277D25392B5E9D5300D1D717 /* GroupSettings.swift */ = {isa = PBXFileReference; lastKnownFileType = sourcecode.swift; path = GroupSettings.swift; sourceTree = "<group>"; };
		277D253B2B5F4D7500D1D717 /* GroupConnectionRow.swift */ = {isa = PBXFileReference; lastKnownFileType = sourcecode.swift; path = GroupConnectionRow.swift; sourceTree = "<group>"; };
		277D253D2B63DA4F00D1D717 /* ActionablePermissionGroupRow.swift */ = {isa = PBXFileReference; lastKnownFileType = sourcecode.swift; path = ActionablePermissionGroupRow.swift; sourceTree = "<group>"; };
		277D253F2B65376400D1D717 /* DynamicSheet.swift */ = {isa = PBXFileReference; lastKnownFileType = sourcecode.swift; path = DynamicSheet.swift; sourceTree = "<group>"; };
		277D25432B6694CF00D1D717 /* ConnectionSuggestionStore.swift */ = {isa = PBXFileReference; lastKnownFileType = sourcecode.swift; path = ConnectionSuggestionStore.swift; sourceTree = "<group>"; };
		277D25452B673D1400D1D717 /* MessagingStore.swift */ = {isa = PBXFileReference; lastKnownFileType = sourcecode.swift; path = MessagingStore.swift; sourceTree = "<group>"; };
		277D25472B67E05C00D1D717 /* NotificationSettings.swift */ = {isa = PBXFileReference; lastKnownFileType = sourcecode.swift; path = NotificationSettings.swift; sourceTree = "<group>"; };
		277D25492B686FD500D1D717 /* FrequentlyAskedQuestionList.swift */ = {isa = PBXFileReference; lastKnownFileType = sourcecode.swift; path = FrequentlyAskedQuestionList.swift; sourceTree = "<group>"; };
		277D254B2B687C5E00D1D717 /* FrequentlyAskedQuestion.swift */ = {isa = PBXFileReference; lastKnownFileType = sourcecode.swift; path = FrequentlyAskedQuestion.swift; sourceTree = "<group>"; };
		277D254D2B69490700D1D717 /* PrivacySettings.swift */ = {isa = PBXFileReference; lastKnownFileType = sourcecode.swift; path = PrivacySettings.swift; sourceTree = "<group>"; };
/* End PBXFileReference section */

/* Begin PBXFrameworksBuildPhase section */
		04B948F5295DEA5C00703523 /* Frameworks */ = {
			isa = PBXFrameworksBuildPhase;
			buildActionMask = 2147483647;
			files = (
				04B158562987F49600846FDB /* FirebaseMessaging in Frameworks */,
				04B1584C2987F47B00846FDB /* NukeUI in Frameworks */,
				04B158522987F49600846FDB /* FirebaseAuth in Frameworks */,
				04B1585D29903AFA00846FDB /* AlertToast in Frameworks */,
				277D251A2B55ADF000D1D717 /* WrappingHStack in Frameworks */,
				04B158482987F47B00846FDB /* Nuke in Frameworks */,
				04B1584E2987F47F00846FDB /* SwiftKeychainWrapper in Frameworks */,
				04B158502987F49600846FDB /* FirebaseAnalytics in Frameworks */,
				04B1584A2987F47B00846FDB /* NukeExtensions in Frameworks */,
				04B158542987F49600846FDB /* FirebaseFirestore in Frameworks */,
				273CBAB82B6C5FD00051789B /* Mantis in Frameworks */,
			);
			runOnlyForDeploymentPostprocessing = 0;
		};
/* End PBXFrameworksBuildPhase section */

/* Begin PBXGroup section */
		04038E1E2961E79700D3C7AC /* ViewModel */ = {
			isa = PBXGroup;
			children = (
				04038E212961E91900D3C7AC /* AddressViewModel.swift */,
				041413072978D853008A35DA /* DeviceSettingsViewModel.swift */,
			);
			path = ViewModel;
			sourceTree = "<group>";
		};
		04038E232961E92800D3C7AC /* User */ = {
			isa = PBXGroup;
			children = (
				04B9490F295DEAD800703523 /* User.swift */,
				04B9491F295DEDA000703523 /* Address.swift */,
				04B94921295DEDAF00703523 /* PermissionGroup.swift */,
				041413052978D7C1008A35DA /* DeviceSettings.swift */,
			);
			path = User;
			sourceTree = "<group>";
		};
		04038E2E2966322400D3C7AC /* Redaction */ = {
			isa = PBXGroup;
			children = (
				04038E2F2966323600D3C7AC /* RedactionType.swift */,
				04038E312966324E00D3C7AC /* Redactable.swift */,
			);
			path = Redaction;
			sourceTree = "<group>";
		};
		0414130C297C5C46008A35DA /* Frameworks */ = {
			isa = PBXGroup;
			children = (
			);
			name = Frameworks;
			sourceTree = "<group>";
		};
		041413162983570D008A35DA /* Constants */ = {
			isa = PBXGroup;
			children = (
				041413172983571D008A35DA /* ColorConstants.swift */,
				277D25312B5A069A00D1D717 /* Constants.swift */,
			);
			path = Constants;
			sourceTree = "<group>";
		};
		04B948EF295DEA5C00703523 = {
			isa = PBXGroup;
			children = (
				04B948FA295DEA5C00703523 /* Nevvi */,
				04B948F9295DEA5C00703523 /* Products */,
				0414130C297C5C46008A35DA /* Frameworks */,
			);
			sourceTree = "<group>";
		};
		04B948F9295DEA5C00703523 /* Products */ = {
			isa = PBXGroup;
			children = (
				04B948F8295DEA5C00703523 /* Nevvi.app */,
			);
			name = Products;
			sourceTree = "<group>";
		};
		04B948FA295DEA5C00703523 /* Nevvi */ = {
			isa = PBXGroup;
			children = (
				0414131A2986ECF2008A35DA /* GoogleService-Info.plist */,
				041413192986EA2B008A35DA /* Nevvi.entitlements */,
				041413162983570D008A35DA /* Constants */,
				04B94945295E4E9500703523 /* Info.plist */,
				04B94926295DEE9E00703523 /* Extensions */,
				04B9490B295DEA9400703523 /* Resources */,
				04B9493A295E06F400703523 /* Stores */,
				04038E1E2961E79700D3C7AC /* ViewModel */,
				04B9490A295DEA8700703523 /* Views */,
				04B94909295DEA7E00703523 /* Model */,
				04B948FB295DEA5C00703523 /* NevviApp.swift */,
				04B948FF295DEA5E00703523 /* Assets.xcassets */,
				04B94901295DEA5E00703523 /* Preview Content */,
			);
			path = Nevvi;
			sourceTree = "<group>";
		};
		04B94901295DEA5E00703523 /* Preview Content */ = {
			isa = PBXGroup;
			children = (
				04B94902295DEA5E00703523 /* Preview Assets.xcassets */,
			);
			path = "Preview Content";
			sourceTree = "<group>";
		};
		04B94909295DEA7E00703523 /* Model */ = {
			isa = PBXGroup;
			children = (
				04038E232961E92800D3C7AC /* User */,
				04B9496E2960989D00703523 /* Connection */,
				04B94940295E0B5900703523 /* Errors */,
				04B9492F295DFBA300703523 /* Authorization */,
				04B94911295DEAFC00703523 /* CircleImage.swift */,
				04B94913295DEB1100703523 /* ModelData.swift */,
			);
			path = Model;
			sourceTree = "<group>";
		};
		04B9490A295DEA8700703523 /* Views */ = {
			isa = PBXGroup;
			children = (
				277D25132B55A20C00D1D717 /* Notifications */,
				04B94959295F385D00703523 /* Onboarding */,
				04B94932295DFF7700703523 /* Authorization */,
				04B94929295DF0AE00703523 /* Account */,
				04B9490E295DEAC100703523 /* Connections */,
				04B9490C295DEA9E00703523 /* Helpers */,
			);
			path = Views;
			sourceTree = "<group>";
		};
		04B9490B295DEA9400703523 /* Resources */ = {
			isa = PBXGroup;
			children = (
				04B94915295DEB7E00703523 /* userData.json */,
				04B9492C295DF25200703523 /* connectionData.json */,
				04B949712960992E00703523 /* connectionResponse.json */,
				04038E182960CE7300D3C7AC /* requestsData.json */,
				04314384296B648E0094D7E0 /* connectionGroups.json */,
			);
			path = Resources;
			sourceTree = "<group>";
		};
		04B9490C295DEA9E00703523 /* Helpers */ = {
			isa = PBXGroup;
			children = (
				277D25272B55F4E300D1D717 /* FieldPermissionGroupPicker.swift */,
				04B948FD295DEA5C00703523 /* ContentView.swift */,
				04B94966295F972500703523 /* ImagePicker.swift */,
				04B9496A2960964500703523 /* NavigationLazyView.swift */,
				04B949772960AF9B00703523 /* DebouncedText.swift */,
				04038E242961EF3900D3C7AC /* RefreshableView.swift */,
				041412F62976009F008A35DA /* ProfileImageSelector.swift */,
				041412FA2976182D008A35DA /* ProfileImage.swift */,
				277D25212B55C21F00D1D717 /* PermissionGroupPicker.swift */,
				277D25252B55F02C00D1D717 /* PermissionGroupBadge.swift */,
				277D25292B55F84900D1D717 /* PermissionGroupToggle.swift */,
				277D252B2B55F8E900D1D717 /* CheckboxToggleStyle.swift */,
				277D253F2B65376400D1D717 /* DynamicSheet.swift */,
			);
			path = Helpers;
			sourceTree = "<group>";
		};
		04B9490E295DEAC100703523 /* Connections */ = {
			isa = PBXGroup;
			children = (
				04B94919295DEBCE00703523 /* ConnectionList.swift */,
				04B9491B295DEBE600703523 /* ConnectionDetail.swift */,
				04B9491D295DEBF700703523 /* ConnectionRow.swift */,
				04B949732960A4E500703523 /* UserSearch.swift */,
				04B949792960B3E900703523 /* NewConnectionRequestRow.swift */,
				04038E162960CDE500D3C7AC /* ConnectionRequestList.swift */,
				04038E1C2960D16300D3C7AC /* ActionableConnectionRequestRow.swift */,
				04314388296B65220094D7E0 /* ConnectionGroupList.swift */,
				0431438C296B6E020094D7E0 /* ConnectionGroupRow.swift */,
				04314392296CCD010094D7E0 /* ConnectionGroupDetail.swift */,
				277D253B2B5F4D7500D1D717 /* GroupConnectionRow.swift */,
			);
			path = Connections;
			sourceTree = "<group>";
		};
		04B94926295DEE9E00703523 /* Extensions */ = {
			isa = PBXGroup;
			children = (
				04038E2E2966322400D3C7AC /* Redaction */,
				04B94927295DEEB500703523 /* URLSessionExtensions.swift */,
				04B94938295E059300703523 /* UIColorExtensions.swift */,
				04B94946295E57C500703523 /* UIApplicationExtensions.swift */,
				04B94962295F814100703523 /* OperatorOverloads.swift */,
				04B94964295F8FDB00703523 /* StringExtensions.swift */,
				04038E262961F25000D3C7AC /* DateExtensions.swift */,
				04038E2C29662FFF00D3C7AC /* ViewExtensions.swift */,
				0431439C2975AC830094D7E0 /* TextExtensions.swift */,
				04B2495D29AD7F6300F56C97 /* BundleExtensions.swift */,
				277D251B2B55B39F00D1D717 /* CharacterExtensions.swift */,
				277D25352B5C18C500D1D717 /* ImageExtensions.swift */,
				277D25372B5C578000D1D717 /* StackExtensions.swift */,
			);
			path = Extensions;
			sourceTree = "<group>";
		};
		04B94929295DF0AE00703523 /* Account */ = {
			isa = PBXGroup;
			children = (
				277D252F2B58B00800D1D717 /* PersonalInformation.swift */,
				04038E2A29660F2300D3C7AC /* PersonalInformationEdit.swift */,
				04038E33296667CA00D3C7AC /* BlockedUserList.swift */,
				04038E3729679FEF00D3C7AC /* Settings.swift */,
				0431437C2969B3F50094D7E0 /* AddressSearch.swift */,
				04314396297438D70094D7E0 /* PermissionGroupList.swift */,
				277D25162B55A96400D1D717 /* PermissionGroupRow.swift */,
				277D25392B5E9D5300D1D717 /* GroupSettings.swift */,
				277D253D2B63DA4F00D1D717 /* ActionablePermissionGroupRow.swift */,
				277D25472B67E05C00D1D717 /* NotificationSettings.swift */,
				277D25492B686FD500D1D717 /* FrequentlyAskedQuestionList.swift */,
				277D254B2B687C5E00D1D717 /* FrequentlyAskedQuestion.swift */,
				277D254D2B69490700D1D717 /* PrivacySettings.swift */,
			);
			path = Account;
			sourceTree = "<group>";
		};
		04B9492F295DFBA300703523 /* Authorization */ = {
			isa = PBXGroup;
			children = (
				04B94930295DFBBA00703523 /* Authorization.swift */,
				04B9494D295E718A00703523 /* Credentials.swift */,
			);
			path = Authorization;
			sourceTree = "<group>";
		};
		04B94932295DFF7700703523 /* Authorization */ = {
			isa = PBXGroup;
			children = (
				04B94933295E01F500703523 /* Login.swift */,
				04B94952295F21D200703523 /* CreateAccount.swift */,
				04B1586829AC301600846FDB /* ForgotPassword.swift */,
			);
			path = Authorization;
			sourceTree = "<group>";
		};
		04B9493A295E06F400703523 /* Stores */ = {
			isa = PBXGroup;
			children = (
				04B9493B295E070000703523 /* AccountStore.swift */,
				04B9493D295E09E400703523 /* AuthorizationStore.swift */,
				277D25432B6694CF00D1D717 /* ConnectionSuggestionStore.swift */,
				04B9494F295E731E00703523 /* KeychainStore.swift */,
				04B949682960927F00703523 /* ConnectionStore.swift */,
				04B9496C2960979D00703523 /* ConnectionsStore.swift */,
				04B949752960A94A00703523 /* UsersStore.swift */,
				04038E3529679CCE00D3C7AC /* ContactStore.swift */,
				0431437A2969B3A90094D7E0 /* AddressSearchStore.swift */,
				04314382296B46D60094D7E0 /* BuildConfiguration.swift */,
				0431438A296B655F0094D7E0 /* ConnectionGroupsStore.swift */,
				04314394297087210094D7E0 /* ConnectionGroupStore.swift */,
				04B158572987FA2300846FDB /* NotificationStore.swift */,
				277D25452B673D1400D1D717 /* MessagingStore.swift */,
			);
			path = Stores;
			sourceTree = "<group>";
		};
		04B94940295E0B5900703523 /* Errors */ = {
			isa = PBXGroup;
			children = (
				04B94941295E0B6500703523 /* GenericError.swift */,
			);
			path = Errors;
			sourceTree = "<group>";
		};
		04B94959295F385D00703523 /* Onboarding */ = {
			isa = PBXGroup;
			children = (
				04B94954295F2E8F00703523 /* OnboardingCarousel.swift */,
				04B9495A295F386E00703523 /* OnboardingIntro.swift */,
				04B9495E295F3BE000703523 /* OnboardingSync.swift */,
				04B94960295F3FD100703523 /* OnboardingDescription.swift */,
				277D25332B5BED4700D1D717 /* OnboardingButton.swift */,
			);
			path = Onboarding;
			sourceTree = "<group>";
		};
		04B9496E2960989D00703523 /* Connection */ = {
			isa = PBXGroup;
			children = (
				04B94917295DEB9900703523 /* Connection.swift */,
				04B9496F296098AA00703523 /* ConnectionsResponse.swift */,
				04038E1A2960CE9500D3C7AC /* ConnectionRequest.swift */,
				04314386296B64A50094D7E0 /* ConnectionGroup.swift */,
			);
			path = Connection;
			sourceTree = "<group>";
		};
		277D25132B55A20C00D1D717 /* Notifications */ = {
			isa = PBXGroup;
			children = (
				277D25142B55A23000D1D717 /* NotificationList.swift */,
			);
			path = Notifications;
			sourceTree = "<group>";
		};
/* End PBXGroup section */

/* Begin PBXNativeTarget section */
		04B948F7295DEA5C00703523 /* Nevvi */ = {
			isa = PBXNativeTarget;
			buildConfigurationList = 04B94906295DEA5E00703523 /* Build configuration list for PBXNativeTarget "Nevvi" */;
			buildPhases = (
				04B948F4295DEA5C00703523 /* Sources */,
				04B948F5295DEA5C00703523 /* Frameworks */,
				04B948F6295DEA5C00703523 /* Resources */,
				04B94951295E78B500703523 /* ShellScript */,
			);
			buildRules = (
			);
			dependencies = (
			);
			name = Nevvi;
			packageProductDependencies = (
				04B158472987F47B00846FDB /* Nuke */,
				04B158492987F47B00846FDB /* NukeExtensions */,
				04B1584B2987F47B00846FDB /* NukeUI */,
				04B1584D2987F47F00846FDB /* SwiftKeychainWrapper */,
				04B1584F2987F49600846FDB /* FirebaseAnalytics */,
				04B158512987F49600846FDB /* FirebaseAuth */,
				04B158532987F49600846FDB /* FirebaseFirestore */,
				04B158552987F49600846FDB /* FirebaseMessaging */,
				04B1585C29903AFA00846FDB /* AlertToast */,
				277D25192B55ADF000D1D717 /* WrappingHStack */,
				273CBAB72B6C5FD00051789B /* Mantis */,
			);
			productName = Nevvi;
			productReference = 04B948F8295DEA5C00703523 /* Nevvi.app */;
			productType = "com.apple.product-type.application";
		};
/* End PBXNativeTarget section */

/* Begin PBXProject section */
		04B948F0295DEA5C00703523 /* Project object */ = {
			isa = PBXProject;
			attributes = {
				BuildIndependentTargetsInParallel = 1;
				LastSwiftUpdateCheck = 1420;
				LastUpgradeCheck = 1420;
				TargetAttributes = {
					04B948F7295DEA5C00703523 = {
						CreatedOnToolsVersion = 14.2;
					};
				};
			};
			buildConfigurationList = 04B948F3295DEA5C00703523 /* Build configuration list for PBXProject "Nevvi" */;
			compatibilityVersion = "Xcode 14.0";
			developmentRegion = en;
			hasScannedForEncodings = 0;
			knownRegions = (
				en,
				Base,
			);
			mainGroup = 04B948EF295DEA5C00703523;
			packageReferences = (
				04B9494A295E712200703523 /* XCRemoteSwiftPackageReference "SwiftKeychainWrapper" */,
				041412FC2978C82B008A35DA /* XCRemoteSwiftPackageReference "firebase-ios-sdk" */,
				0414130D297C5CFC008A35DA /* XCRemoteSwiftPackageReference "Nuke" */,
				04B1585B29903AF900846FDB /* XCRemoteSwiftPackageReference "AlertToast" */,
				277D25182B55ADF000D1D717 /* XCRemoteSwiftPackageReference "WrappingHStack" */,
				273CBAB62B6C5FD00051789B /* XCRemoteSwiftPackageReference "Mantis" */,
			);
			productRefGroup = 04B948F9295DEA5C00703523 /* Products */;
			projectDirPath = "";
			projectRoot = "";
			targets = (
				04B948F7295DEA5C00703523 /* Nevvi */,
			);
		};
/* End PBXProject section */

/* Begin PBXResourcesBuildPhase section */
		04B948F6295DEA5C00703523 /* Resources */ = {
			isa = PBXResourcesBuildPhase;
			buildActionMask = 2147483647;
			files = (
				04B94903295DEA5E00703523 /* Preview Assets.xcassets in Resources */,
				0414131B2986ECF2008A35DA /* GoogleService-Info.plist in Resources */,
				04038E192960CE7300D3C7AC /* requestsData.json in Resources */,
				04B9492D295DF25200703523 /* connectionData.json in Resources */,
				04314385296B648E0094D7E0 /* connectionGroups.json in Resources */,
				04B94916295DEB7E00703523 /* userData.json in Resources */,
				04B949722960992E00703523 /* connectionResponse.json in Resources */,
				04B94900295DEA5E00703523 /* Assets.xcassets in Resources */,
			);
			runOnlyForDeploymentPostprocessing = 0;
		};
/* End PBXResourcesBuildPhase section */

/* Begin PBXShellScriptBuildPhase section */
		04B94951295E78B500703523 /* ShellScript */ = {
			isa = PBXShellScriptBuildPhase;
			buildActionMask = 2147483647;
			files = (
			);
			inputFileListPaths = (
			);
			inputPaths = (
			);
			outputFileListPaths = (
			);
			outputPaths = (
			);
			runOnlyForDeploymentPostprocessing = 0;
			shellPath = /bin/sh;
			shellScript = "BUILD_APP_DIR=\"$BUILT_PRODUCTS_DIR/$PRODUCT_NAME.app\"\n\nif [ $CONFIGURATION == \"Release\" ]; then\n    rm -rf \"$BUILD_APP_DIR/Settings.bundle\"\nfi\n";
		};
/* End PBXShellScriptBuildPhase section */

/* Begin PBXSourcesBuildPhase section */
		04B948F4295DEA5C00703523 /* Sources */ = {
			isa = PBXSourcesBuildPhase;
			buildActionMask = 2147483647;
			files = (
				04B94922295DEDAF00703523 /* PermissionGroup.swift in Sources */,
				277D251C2B55B39F00D1D717 /* CharacterExtensions.swift in Sources */,
				277D25342B5BED4700D1D717 /* OnboardingButton.swift in Sources */,
				277D254E2B69490700D1D717 /* PrivacySettings.swift in Sources */,
				04B94953295F21D200703523 /* CreateAccount.swift in Sources */,
				04038E322966324E00D3C7AC /* Redactable.swift in Sources */,
				277D25322B5A069A00D1D717 /* Constants.swift in Sources */,
				04B948FE295DEA5C00703523 /* ContentView.swift in Sources */,
				04B94963295F814100703523 /* OperatorOverloads.swift in Sources */,
				04B94918295DEB9900703523 /* Connection.swift in Sources */,
				04314397297438D70094D7E0 /* PermissionGroupList.swift in Sources */,
				277D254C2B687C5E00D1D717 /* FrequentlyAskedQuestion.swift in Sources */,
				277D25482B67E05C00D1D717 /* NotificationSettings.swift in Sources */,
				04038E3629679CCE00D3C7AC /* ContactStore.swift in Sources */,
				04038E1B2960CE9500D3C7AC /* ConnectionRequest.swift in Sources */,
				277D25442B6694CF00D1D717 /* ConnectionSuggestionStore.swift in Sources */,
				277D25382B5C578000D1D717 /* StackExtensions.swift in Sources */,
				041412F72976009F008A35DA /* ProfileImageSelector.swift in Sources */,
				04B9496B2960964500703523 /* NavigationLazyView.swift in Sources */,
				04038E1D2960D16300D3C7AC /* ActionableConnectionRequestRow.swift in Sources */,
				04B9494E295E718A00703523 /* Credentials.swift in Sources */,
				277D252C2B55F8E900D1D717 /* CheckboxToggleStyle.swift in Sources */,
				04038E3829679FEF00D3C7AC /* Settings.swift in Sources */,
				04B94912295DEAFC00703523 /* CircleImage.swift in Sources */,
				0431437D2969B3F50094D7E0 /* AddressSearch.swift in Sources */,
				277D25402B65376400D1D717 /* DynamicSheet.swift in Sources */,
				04038E2D29662FFF00D3C7AC /* ViewExtensions.swift in Sources */,
				04B949762960A94A00703523 /* UsersStore.swift in Sources */,
				0431438D296B6E020094D7E0 /* ConnectionGroupRow.swift in Sources */,
				04B94955295F2E8F00703523 /* OnboardingCarousel.swift in Sources */,
				041412FB2976182D008A35DA /* ProfileImage.swift in Sources */,
				041413182983571D008A35DA /* ColorConstants.swift in Sources */,
				04B94914295DEB1100703523 /* ModelData.swift in Sources */,
				277D25172B55A96400D1D717 /* PermissionGroupRow.swift in Sources */,
				04B9493E295E09E400703523 /* AuthorizationStore.swift in Sources */,
				277D254A2B686FD500D1D717 /* FrequentlyAskedQuestionList.swift in Sources */,
				277D253E2B63DA4F00D1D717 /* ActionablePermissionGroupRow.swift in Sources */,
				277D25222B55C21F00D1D717 /* PermissionGroupPicker.swift in Sources */,
				04314387296B64A50094D7E0 /* ConnectionGroup.swift in Sources */,
				277D253A2B5E9D5300D1D717 /* GroupSettings.swift in Sources */,
				04B94947295E57C500703523 /* UIApplicationExtensions.swift in Sources */,
				0431438B296B655F0094D7E0 /* ConnectionGroupsStore.swift in Sources */,
				04B94931295DFBBA00703523 /* Authorization.swift in Sources */,
				04038E172960CDE500D3C7AC /* ConnectionRequestList.swift in Sources */,
				04B9496D2960979E00703523 /* ConnectionsStore.swift in Sources */,
				04B94965295F8FDB00703523 /* StringExtensions.swift in Sources */,
				04B949692960927F00703523 /* ConnectionStore.swift in Sources */,
				04B2495E29AD7F6300F56C97 /* BundleExtensions.swift in Sources */,
				04B9495F295F3BE000703523 /* OnboardingSync.swift in Sources */,
				277D25262B55F02C00D1D717 /* PermissionGroupBadge.swift in Sources */,
				04038E2B29660F2300D3C7AC /* PersonalInformationEdit.swift in Sources */,
				277D25362B5C18C500D1D717 /* ImageExtensions.swift in Sources */,
				04B9495B295F386F00703523 /* OnboardingIntro.swift in Sources */,
				04B94950295E731E00703523 /* KeychainStore.swift in Sources */,
				04B94942295E0B6500703523 /* GenericError.swift in Sources */,
				277D25282B55F4E300D1D717 /* FieldPermissionGroupPicker.swift in Sources */,
				04038E222961E91900D3C7AC /* AddressViewModel.swift in Sources */,
				04B9493C295E070000703523 /* AccountStore.swift in Sources */,
				04B94934295E01F500703523 /* Login.swift in Sources */,
				04B94920295DEDA100703523 /* Address.swift in Sources */,
				277D252A2B55F84900D1D717 /* PermissionGroupToggle.swift in Sources */,
				04B94939295E059300703523 /* UIColorExtensions.swift in Sources */,
				04B9491C295DEBE600703523 /* ConnectionDetail.swift in Sources */,
				04038E272961F25000D3C7AC /* DateExtensions.swift in Sources */,
				04B9491E295DEBF700703523 /* ConnectionRow.swift in Sources */,
				04B94967295F972500703523 /* ImagePicker.swift in Sources */,
				041413062978D7C1008A35DA /* DeviceSettings.swift in Sources */,
				04038E252961EF3900D3C7AC /* RefreshableView.swift in Sources */,
				04B158582987FA2300846FDB /* NotificationStore.swift in Sources */,
				04B94961295F3FD100703523 /* OnboardingDescription.swift in Sources */,
				0431439D2975AC830094D7E0 /* TextExtensions.swift in Sources */,
				04B94928295DEEB500703523 /* URLSessionExtensions.swift in Sources */,
				277D25152B55A23000D1D717 /* NotificationList.swift in Sources */,
				04B949782960AF9B00703523 /* DebouncedText.swift in Sources */,
				04314389296B65220094D7E0 /* ConnectionGroupList.swift in Sources */,
				04B948FC295DEA5C00703523 /* NevviApp.swift in Sources */,
				0431437B2969B3A90094D7E0 /* AddressSearchStore.swift in Sources */,
				277D25302B58B00800D1D717 /* PersonalInformation.swift in Sources */,
				04314395297087210094D7E0 /* ConnectionGroupStore.swift in Sources */,
				04B949742960A4E500703523 /* UserSearch.swift in Sources */,
				04B9491A295DEBCE00703523 /* ConnectionList.swift in Sources */,
				04038E34296667CA00D3C7AC /* BlockedUserList.swift in Sources */,
				04B9497A2960B3E900703523 /* NewConnectionRequestRow.swift in Sources */,
				04314383296B46D60094D7E0 /* BuildConfiguration.swift in Sources */,
				277D253C2B5F4D7500D1D717 /* GroupConnectionRow.swift in Sources */,
				04B94970296098AA00703523 /* ConnectionsResponse.swift in Sources */,
				277D25462B673D1400D1D717 /* MessagingStore.swift in Sources */,
				04314393296CCD010094D7E0 /* ConnectionGroupDetail.swift in Sources */,
				04038E302966323600D3C7AC /* RedactionType.swift in Sources */,
				041413082978D853008A35DA /* DeviceSettingsViewModel.swift in Sources */,
				04B94910295DEAD800703523 /* User.swift in Sources */,
				04B1586929AC301600846FDB /* ForgotPassword.swift in Sources */,
			);
			runOnlyForDeploymentPostprocessing = 0;
		};
/* End PBXSourcesBuildPhase section */

/* Begin XCBuildConfiguration section */
		0431437E296B44810094D7E0 /* Debug Development */ = {
			isa = XCBuildConfiguration;
			buildSettings = {
				ALWAYS_SEARCH_USER_PATHS = NO;
				CLANG_ANALYZER_NONNULL = YES;
				CLANG_ANALYZER_NUMBER_OBJECT_CONVERSION = YES_AGGRESSIVE;
				CLANG_CXX_LANGUAGE_STANDARD = "gnu++20";
				CLANG_ENABLE_MODULES = YES;
				CLANG_ENABLE_OBJC_ARC = YES;
				CLANG_ENABLE_OBJC_WEAK = YES;
				CLANG_WARN_BLOCK_CAPTURE_AUTORELEASING = YES;
				CLANG_WARN_BOOL_CONVERSION = YES;
				CLANG_WARN_COMMA = YES;
				CLANG_WARN_CONSTANT_CONVERSION = YES;
				CLANG_WARN_DEPRECATED_OBJC_IMPLEMENTATIONS = YES;
				CLANG_WARN_DIRECT_OBJC_ISA_USAGE = YES_ERROR;
				CLANG_WARN_DOCUMENTATION_COMMENTS = YES;
				CLANG_WARN_EMPTY_BODY = YES;
				CLANG_WARN_ENUM_CONVERSION = YES;
				CLANG_WARN_INFINITE_RECURSION = YES;
				CLANG_WARN_INT_CONVERSION = YES;
				CLANG_WARN_NON_LITERAL_NULL_CONVERSION = YES;
				CLANG_WARN_OBJC_IMPLICIT_RETAIN_SELF = YES;
				CLANG_WARN_OBJC_LITERAL_CONVERSION = YES;
				CLANG_WARN_OBJC_ROOT_CLASS = YES_ERROR;
				CLANG_WARN_QUOTED_INCLUDE_IN_FRAMEWORK_HEADER = YES;
				CLANG_WARN_RANGE_LOOP_ANALYSIS = YES;
				CLANG_WARN_STRICT_PROTOTYPES = YES;
				CLANG_WARN_SUSPICIOUS_MOVE = YES;
				CLANG_WARN_UNGUARDED_AVAILABILITY = YES_AGGRESSIVE;
				CLANG_WARN_UNREACHABLE_CODE = YES;
				CLANG_WARN__DUPLICATE_METHOD_MATCH = YES;
				COPY_PHASE_STRIP = NO;
				DEBUG_INFORMATION_FORMAT = dwarf;
				ENABLE_STRICT_OBJC_MSGSEND = YES;
				ENABLE_TESTABILITY = YES;
				GCC_C_LANGUAGE_STANDARD = gnu11;
				GCC_DYNAMIC_NO_PIC = NO;
				GCC_NO_COMMON_BLOCKS = YES;
				GCC_OPTIMIZATION_LEVEL = 0;
				GCC_PREPROCESSOR_DEFINITIONS = (
					"DEBUG=1",
					"$(inherited)",
				);
				GCC_WARN_64_TO_32_BIT_CONVERSION = YES;
				GCC_WARN_ABOUT_RETURN_TYPE = YES_ERROR;
				GCC_WARN_UNDECLARED_SELECTOR = YES;
				GCC_WARN_UNINITIALIZED_AUTOS = YES_AGGRESSIVE;
				GCC_WARN_UNUSED_FUNCTION = YES;
				GCC_WARN_UNUSED_VARIABLE = YES;
				IPHONEOS_DEPLOYMENT_TARGET = 16.2;
				MTL_ENABLE_DEBUG_INFO = INCLUDE_SOURCE;
				MTL_FAST_MATH = YES;
				ONLY_ACTIVE_ARCH = YES;
				SDKROOT = iphoneos;
				SWIFT_ACTIVE_COMPILATION_CONDITIONS = DEBUG;
				SWIFT_OPTIMIZATION_LEVEL = "-Onone";
			};
			name = "Debug Development";
		};
		0431437F296B44810094D7E0 /* Debug Development */ = {
			isa = XCBuildConfiguration;
			buildSettings = {
				ASSETCATALOG_COMPILER_APPICON_NAME = AppIcon;
				"ASSETCATALOG_COMPILER_APPICON_NAME[sdk=iphoneos*]" = AppIcon;
				ASSETCATALOG_COMPILER_GLOBAL_ACCENT_COLOR_NAME = AccentColor;
				ASSETCATALOG_COMPILER_INCLUDE_ALL_APPICON_ASSETS = YES;
				CODE_SIGN_ENTITLEMENTS = Nevvi/Nevvi.entitlements;
				CODE_SIGN_IDENTITY = "Apple Development";
				CODE_SIGN_STYLE = Automatic;
				CURRENT_PROJECT_VERSION = 16;
				DEVELOPMENT_ASSET_PATHS = "\"Nevvi/Preview Content\"";
				DEVELOPMENT_TEAM = 496RH4SCJ6;
				ENABLE_PREVIEWS = YES;
				GENERATE_INFOPLIST_FILE = YES;
				INFOPLIST_FILE = Nevvi/Info.plist;
				INFOPLIST_KEY_NSContactsUsageDescription = "This app needs access to keep your phone contacts up to date";
				INFOPLIST_KEY_NSFaceIDUsageDescription = "Allow Face ID to access stored credentials";
				INFOPLIST_KEY_UIApplicationSceneManifest_Generation = YES;
				INFOPLIST_KEY_UIApplicationSupportsIndirectInputEvents = YES;
				INFOPLIST_KEY_UILaunchScreen_Generation = YES;
				INFOPLIST_KEY_UISupportedInterfaceOrientations = "UIInterfaceOrientationLandscapeLeft UIInterfaceOrientationLandscapeRight UIInterfaceOrientationPortrait";
				INFOPLIST_KEY_UISupportedInterfaceOrientations_iPad = "UIInterfaceOrientationLandscapeLeft UIInterfaceOrientationLandscapeRight UIInterfaceOrientationPortrait UIInterfaceOrientationPortraitUpsideDown";
				IPHONEOS_DEPLOYMENT_TARGET = 16.0;
				LD_RUNPATH_SEARCH_PATHS = (
					"$(inherited)",
					"@executable_path/Frameworks",
				);
				MARKETING_VERSION = 1.5;
				PRODUCT_BUNDLE_IDENTIFIER = com.nevvi.Nevvi;
				PRODUCT_NAME = "$(TARGET_NAME)";
				PROVISIONING_PROFILE_SPECIFIER = "";
				SWIFT_EMIT_LOC_STRINGS = YES;
				SWIFT_VERSION = 5.0;
				TARGETED_DEVICE_FAMILY = "1,2";
			};
			name = "Debug Development";
		};
		04314380296B449B0094D7E0 /* Release Development */ = {
			isa = XCBuildConfiguration;
			buildSettings = {
				ALWAYS_SEARCH_USER_PATHS = NO;
				CLANG_ANALYZER_NONNULL = YES;
				CLANG_ANALYZER_NUMBER_OBJECT_CONVERSION = YES_AGGRESSIVE;
				CLANG_CXX_LANGUAGE_STANDARD = "gnu++20";
				CLANG_ENABLE_MODULES = YES;
				CLANG_ENABLE_OBJC_ARC = YES;
				CLANG_ENABLE_OBJC_WEAK = YES;
				CLANG_WARN_BLOCK_CAPTURE_AUTORELEASING = YES;
				CLANG_WARN_BOOL_CONVERSION = YES;
				CLANG_WARN_COMMA = YES;
				CLANG_WARN_CONSTANT_CONVERSION = YES;
				CLANG_WARN_DEPRECATED_OBJC_IMPLEMENTATIONS = YES;
				CLANG_WARN_DIRECT_OBJC_ISA_USAGE = YES_ERROR;
				CLANG_WARN_DOCUMENTATION_COMMENTS = YES;
				CLANG_WARN_EMPTY_BODY = YES;
				CLANG_WARN_ENUM_CONVERSION = YES;
				CLANG_WARN_INFINITE_RECURSION = YES;
				CLANG_WARN_INT_CONVERSION = YES;
				CLANG_WARN_NON_LITERAL_NULL_CONVERSION = YES;
				CLANG_WARN_OBJC_IMPLICIT_RETAIN_SELF = YES;
				CLANG_WARN_OBJC_LITERAL_CONVERSION = YES;
				CLANG_WARN_OBJC_ROOT_CLASS = YES_ERROR;
				CLANG_WARN_QUOTED_INCLUDE_IN_FRAMEWORK_HEADER = YES;
				CLANG_WARN_RANGE_LOOP_ANALYSIS = YES;
				CLANG_WARN_STRICT_PROTOTYPES = YES;
				CLANG_WARN_SUSPICIOUS_MOVE = YES;
				CLANG_WARN_UNGUARDED_AVAILABILITY = YES_AGGRESSIVE;
				CLANG_WARN_UNREACHABLE_CODE = YES;
				CLANG_WARN__DUPLICATE_METHOD_MATCH = YES;
				COPY_PHASE_STRIP = NO;
				DEBUG_INFORMATION_FORMAT = "dwarf-with-dsym";
				ENABLE_NS_ASSERTIONS = NO;
				ENABLE_STRICT_OBJC_MSGSEND = YES;
				GCC_C_LANGUAGE_STANDARD = gnu11;
				GCC_NO_COMMON_BLOCKS = YES;
				GCC_WARN_64_TO_32_BIT_CONVERSION = YES;
				GCC_WARN_ABOUT_RETURN_TYPE = YES_ERROR;
				GCC_WARN_UNDECLARED_SELECTOR = YES;
				GCC_WARN_UNINITIALIZED_AUTOS = YES_AGGRESSIVE;
				GCC_WARN_UNUSED_FUNCTION = YES;
				GCC_WARN_UNUSED_VARIABLE = YES;
				IPHONEOS_DEPLOYMENT_TARGET = 16.2;
				MTL_ENABLE_DEBUG_INFO = NO;
				MTL_FAST_MATH = YES;
				SDKROOT = iphoneos;
				SWIFT_COMPILATION_MODE = wholemodule;
				SWIFT_OPTIMIZATION_LEVEL = "-O";
				VALIDATE_PRODUCT = YES;
			};
			name = "Release Development";
		};
		04314381296B449B0094D7E0 /* Release Development */ = {
			isa = XCBuildConfiguration;
			buildSettings = {
				ASSETCATALOG_COMPILER_APPICON_NAME = AppIcon;
				ASSETCATALOG_COMPILER_GLOBAL_ACCENT_COLOR_NAME = AccentColor;
				ASSETCATALOG_COMPILER_INCLUDE_ALL_APPICON_ASSETS = YES;
				CODE_SIGN_ENTITLEMENTS = Nevvi/Nevvi.entitlements;
				CODE_SIGN_IDENTITY = "Apple Development";
				CODE_SIGN_STYLE = Automatic;
				CURRENT_PROJECT_VERSION = 16;
				DEVELOPMENT_ASSET_PATHS = "\"Nevvi/Preview Content\"";
				DEVELOPMENT_TEAM = 496RH4SCJ6;
				ENABLE_PREVIEWS = YES;
				GENERATE_INFOPLIST_FILE = YES;
				INFOPLIST_FILE = Nevvi/Info.plist;
				INFOPLIST_KEY_NSContactsUsageDescription = "This app needs access to keep your phone contacts up to date";
				INFOPLIST_KEY_NSFaceIDUsageDescription = "Allow Face ID to access stored credentials";
				INFOPLIST_KEY_UIApplicationSceneManifest_Generation = YES;
				INFOPLIST_KEY_UIApplicationSupportsIndirectInputEvents = YES;
				INFOPLIST_KEY_UILaunchScreen_Generation = YES;
				INFOPLIST_KEY_UISupportedInterfaceOrientations = "UIInterfaceOrientationLandscapeLeft UIInterfaceOrientationLandscapeRight UIInterfaceOrientationPortrait";
				INFOPLIST_KEY_UISupportedInterfaceOrientations_iPad = "UIInterfaceOrientationLandscapeLeft UIInterfaceOrientationLandscapeRight UIInterfaceOrientationPortrait UIInterfaceOrientationPortraitUpsideDown";
				IPHONEOS_DEPLOYMENT_TARGET = 16.0;
				LD_RUNPATH_SEARCH_PATHS = (
					"$(inherited)",
					"@executable_path/Frameworks",
				);
				MARKETING_VERSION = 1.5;
				PRODUCT_BUNDLE_IDENTIFIER = com.nevvi.Nevvi;
				PRODUCT_NAME = "$(TARGET_NAME)";
				PROVISIONING_PROFILE_SPECIFIER = "";
				SWIFT_EMIT_LOC_STRINGS = YES;
				SWIFT_VERSION = 5.0;
				TARGETED_DEVICE_FAMILY = "1,2";
			};
			name = "Release Development";
		};
		04B94904295DEA5E00703523 /* Debug Production */ = {
			isa = XCBuildConfiguration;
			buildSettings = {
				ALWAYS_SEARCH_USER_PATHS = NO;
				CLANG_ANALYZER_NONNULL = YES;
				CLANG_ANALYZER_NUMBER_OBJECT_CONVERSION = YES_AGGRESSIVE;
				CLANG_CXX_LANGUAGE_STANDARD = "gnu++20";
				CLANG_ENABLE_MODULES = YES;
				CLANG_ENABLE_OBJC_ARC = YES;
				CLANG_ENABLE_OBJC_WEAK = YES;
				CLANG_WARN_BLOCK_CAPTURE_AUTORELEASING = YES;
				CLANG_WARN_BOOL_CONVERSION = YES;
				CLANG_WARN_COMMA = YES;
				CLANG_WARN_CONSTANT_CONVERSION = YES;
				CLANG_WARN_DEPRECATED_OBJC_IMPLEMENTATIONS = YES;
				CLANG_WARN_DIRECT_OBJC_ISA_USAGE = YES_ERROR;
				CLANG_WARN_DOCUMENTATION_COMMENTS = YES;
				CLANG_WARN_EMPTY_BODY = YES;
				CLANG_WARN_ENUM_CONVERSION = YES;
				CLANG_WARN_INFINITE_RECURSION = YES;
				CLANG_WARN_INT_CONVERSION = YES;
				CLANG_WARN_NON_LITERAL_NULL_CONVERSION = YES;
				CLANG_WARN_OBJC_IMPLICIT_RETAIN_SELF = YES;
				CLANG_WARN_OBJC_LITERAL_CONVERSION = YES;
				CLANG_WARN_OBJC_ROOT_CLASS = YES_ERROR;
				CLANG_WARN_QUOTED_INCLUDE_IN_FRAMEWORK_HEADER = YES;
				CLANG_WARN_RANGE_LOOP_ANALYSIS = YES;
				CLANG_WARN_STRICT_PROTOTYPES = YES;
				CLANG_WARN_SUSPICIOUS_MOVE = YES;
				CLANG_WARN_UNGUARDED_AVAILABILITY = YES_AGGRESSIVE;
				CLANG_WARN_UNREACHABLE_CODE = YES;
				CLANG_WARN__DUPLICATE_METHOD_MATCH = YES;
				COPY_PHASE_STRIP = NO;
				DEBUG_INFORMATION_FORMAT = dwarf;
				ENABLE_STRICT_OBJC_MSGSEND = YES;
				ENABLE_TESTABILITY = YES;
				GCC_C_LANGUAGE_STANDARD = gnu11;
				GCC_DYNAMIC_NO_PIC = NO;
				GCC_NO_COMMON_BLOCKS = YES;
				GCC_OPTIMIZATION_LEVEL = 0;
				GCC_PREPROCESSOR_DEFINITIONS = (
					"DEBUG=1",
					"$(inherited)",
				);
				GCC_WARN_64_TO_32_BIT_CONVERSION = YES;
				GCC_WARN_ABOUT_RETURN_TYPE = YES_ERROR;
				GCC_WARN_UNDECLARED_SELECTOR = YES;
				GCC_WARN_UNINITIALIZED_AUTOS = YES_AGGRESSIVE;
				GCC_WARN_UNUSED_FUNCTION = YES;
				GCC_WARN_UNUSED_VARIABLE = YES;
				IPHONEOS_DEPLOYMENT_TARGET = 16.2;
				MTL_ENABLE_DEBUG_INFO = INCLUDE_SOURCE;
				MTL_FAST_MATH = YES;
				ONLY_ACTIVE_ARCH = YES;
				SDKROOT = iphoneos;
				SWIFT_ACTIVE_COMPILATION_CONDITIONS = DEBUG;
				SWIFT_OPTIMIZATION_LEVEL = "-Onone";
			};
			name = "Debug Production";
		};
		04B94905295DEA5E00703523 /* Release Production */ = {
			isa = XCBuildConfiguration;
			buildSettings = {
				ALWAYS_SEARCH_USER_PATHS = NO;
				CLANG_ANALYZER_NONNULL = YES;
				CLANG_ANALYZER_NUMBER_OBJECT_CONVERSION = YES_AGGRESSIVE;
				CLANG_CXX_LANGUAGE_STANDARD = "gnu++20";
				CLANG_ENABLE_MODULES = YES;
				CLANG_ENABLE_OBJC_ARC = YES;
				CLANG_ENABLE_OBJC_WEAK = YES;
				CLANG_WARN_BLOCK_CAPTURE_AUTORELEASING = YES;
				CLANG_WARN_BOOL_CONVERSION = YES;
				CLANG_WARN_COMMA = YES;
				CLANG_WARN_CONSTANT_CONVERSION = YES;
				CLANG_WARN_DEPRECATED_OBJC_IMPLEMENTATIONS = YES;
				CLANG_WARN_DIRECT_OBJC_ISA_USAGE = YES_ERROR;
				CLANG_WARN_DOCUMENTATION_COMMENTS = YES;
				CLANG_WARN_EMPTY_BODY = YES;
				CLANG_WARN_ENUM_CONVERSION = YES;
				CLANG_WARN_INFINITE_RECURSION = YES;
				CLANG_WARN_INT_CONVERSION = YES;
				CLANG_WARN_NON_LITERAL_NULL_CONVERSION = YES;
				CLANG_WARN_OBJC_IMPLICIT_RETAIN_SELF = YES;
				CLANG_WARN_OBJC_LITERAL_CONVERSION = YES;
				CLANG_WARN_OBJC_ROOT_CLASS = YES_ERROR;
				CLANG_WARN_QUOTED_INCLUDE_IN_FRAMEWORK_HEADER = YES;
				CLANG_WARN_RANGE_LOOP_ANALYSIS = YES;
				CLANG_WARN_STRICT_PROTOTYPES = YES;
				CLANG_WARN_SUSPICIOUS_MOVE = YES;
				CLANG_WARN_UNGUARDED_AVAILABILITY = YES_AGGRESSIVE;
				CLANG_WARN_UNREACHABLE_CODE = YES;
				CLANG_WARN__DUPLICATE_METHOD_MATCH = YES;
				COPY_PHASE_STRIP = NO;
				DEBUG_INFORMATION_FORMAT = "dwarf-with-dsym";
				ENABLE_NS_ASSERTIONS = NO;
				ENABLE_STRICT_OBJC_MSGSEND = YES;
				GCC_C_LANGUAGE_STANDARD = gnu11;
				GCC_NO_COMMON_BLOCKS = YES;
				GCC_WARN_64_TO_32_BIT_CONVERSION = YES;
				GCC_WARN_ABOUT_RETURN_TYPE = YES_ERROR;
				GCC_WARN_UNDECLARED_SELECTOR = YES;
				GCC_WARN_UNINITIALIZED_AUTOS = YES_AGGRESSIVE;
				GCC_WARN_UNUSED_FUNCTION = YES;
				GCC_WARN_UNUSED_VARIABLE = YES;
				IPHONEOS_DEPLOYMENT_TARGET = 16.2;
				MTL_ENABLE_DEBUG_INFO = NO;
				MTL_FAST_MATH = YES;
				SDKROOT = iphoneos;
				SWIFT_COMPILATION_MODE = wholemodule;
				SWIFT_OPTIMIZATION_LEVEL = "-O";
				VALIDATE_PRODUCT = YES;
			};
			name = "Release Production";
		};
		04B94907295DEA5E00703523 /* Debug Production */ = {
			isa = XCBuildConfiguration;
			buildSettings = {
				ASSETCATALOG_COMPILER_APPICON_NAME = AppIcon;
				"ASSETCATALOG_COMPILER_APPICON_NAME[sdk=iphoneos*]" = AppIcon;
				ASSETCATALOG_COMPILER_GLOBAL_ACCENT_COLOR_NAME = AccentColor;
				ASSETCATALOG_COMPILER_INCLUDE_ALL_APPICON_ASSETS = YES;
				CODE_SIGN_ENTITLEMENTS = Nevvi/Nevvi.entitlements;
				CODE_SIGN_IDENTITY = "Apple Development";
				CODE_SIGN_STYLE = Automatic;
				CURRENT_PROJECT_VERSION = 16;
				DEVELOPMENT_ASSET_PATHS = "\"Nevvi/Preview Content\"";
				DEVELOPMENT_TEAM = 496RH4SCJ6;
				ENABLE_PREVIEWS = YES;
				GENERATE_INFOPLIST_FILE = YES;
				INFOPLIST_FILE = Nevvi/Info.plist;
				INFOPLIST_KEY_NSContactsUsageDescription = "This app needs access to keep your phone contacts up to date";
				INFOPLIST_KEY_NSFaceIDUsageDescription = "Allow Face ID to access stored credentials";
				INFOPLIST_KEY_UIApplicationSceneManifest_Generation = YES;
				INFOPLIST_KEY_UIApplicationSupportsIndirectInputEvents = YES;
				INFOPLIST_KEY_UILaunchScreen_Generation = YES;
				INFOPLIST_KEY_UISupportedInterfaceOrientations = "UIInterfaceOrientationLandscapeLeft UIInterfaceOrientationLandscapeRight UIInterfaceOrientationPortrait";
				INFOPLIST_KEY_UISupportedInterfaceOrientations_iPad = "UIInterfaceOrientationLandscapeLeft UIInterfaceOrientationLandscapeRight UIInterfaceOrientationPortrait UIInterfaceOrientationPortraitUpsideDown";
				IPHONEOS_DEPLOYMENT_TARGET = 16.0;
				LD_RUNPATH_SEARCH_PATHS = (
					"$(inherited)",
					"@executable_path/Frameworks",
				);
				MARKETING_VERSION = 1.5;
				PRODUCT_BUNDLE_IDENTIFIER = com.nevvi.Nevvi;
				PRODUCT_NAME = "$(TARGET_NAME)";
				PROVISIONING_PROFILE_SPECIFIER = "";
				SWIFT_EMIT_LOC_STRINGS = YES;
				SWIFT_VERSION = 5.0;
				TARGETED_DEVICE_FAMILY = "1,2";
			};
			name = "Debug Production";
		};
		04B94908295DEA5E00703523 /* Release Production */ = {
			isa = XCBuildConfiguration;
			buildSettings = {
				ASSETCATALOG_COMPILER_APPICON_NAME = AppIcon;
				ASSETCATALOG_COMPILER_GLOBAL_ACCENT_COLOR_NAME = AccentColor;
				ASSETCATALOG_COMPILER_INCLUDE_ALL_APPICON_ASSETS = YES;
				CODE_SIGN_ENTITLEMENTS = Nevvi/Nevvi.entitlements;
				CODE_SIGN_IDENTITY = "Apple Development";
				CODE_SIGN_STYLE = Automatic;
				CURRENT_PROJECT_VERSION = 16;
				DEVELOPMENT_ASSET_PATHS = "\"Nevvi/Preview Content\"";
				DEVELOPMENT_TEAM = 496RH4SCJ6;
				ENABLE_PREVIEWS = YES;
				GENERATE_INFOPLIST_FILE = YES;
				INFOPLIST_FILE = Nevvi/Info.plist;
				INFOPLIST_KEY_NSContactsUsageDescription = "This app needs access to keep your phone contacts up to date";
				INFOPLIST_KEY_NSFaceIDUsageDescription = "Allow Face ID to access stored credentials";
				INFOPLIST_KEY_UIApplicationSceneManifest_Generation = YES;
				INFOPLIST_KEY_UIApplicationSupportsIndirectInputEvents = YES;
				INFOPLIST_KEY_UILaunchScreen_Generation = YES;
				INFOPLIST_KEY_UISupportedInterfaceOrientations = "UIInterfaceOrientationLandscapeLeft UIInterfaceOrientationLandscapeRight UIInterfaceOrientationPortrait";
				INFOPLIST_KEY_UISupportedInterfaceOrientations_iPad = "UIInterfaceOrientationLandscapeLeft UIInterfaceOrientationLandscapeRight UIInterfaceOrientationPortrait UIInterfaceOrientationPortraitUpsideDown";
				IPHONEOS_DEPLOYMENT_TARGET = 16.0;
				LD_RUNPATH_SEARCH_PATHS = (
					"$(inherited)",
					"@executable_path/Frameworks",
				);
				MARKETING_VERSION = 1.5;
				PRODUCT_BUNDLE_IDENTIFIER = com.nevvi.Nevvi;
				PRODUCT_NAME = "$(TARGET_NAME)";
				PROVISIONING_PROFILE_SPECIFIER = "";
				SWIFT_EMIT_LOC_STRINGS = YES;
				SWIFT_VERSION = 5.0;
				TARGETED_DEVICE_FAMILY = "1,2";
			};
			name = "Release Production";
		};
/* End XCBuildConfiguration section */

/* Begin XCConfigurationList section */
		04B948F3295DEA5C00703523 /* Build configuration list for PBXProject "Nevvi" */ = {
			isa = XCConfigurationList;
			buildConfigurations = (
				04B94904295DEA5E00703523 /* Debug Production */,
				0431437E296B44810094D7E0 /* Debug Development */,
				04B94905295DEA5E00703523 /* Release Production */,
				04314380296B449B0094D7E0 /* Release Development */,
			);
			defaultConfigurationIsVisible = 0;
			defaultConfigurationName = "Debug Development";
		};
		04B94906295DEA5E00703523 /* Build configuration list for PBXNativeTarget "Nevvi" */ = {
			isa = XCConfigurationList;
			buildConfigurations = (
				04B94907295DEA5E00703523 /* Debug Production */,
				0431437F296B44810094D7E0 /* Debug Development */,
				04B94908295DEA5E00703523 /* Release Production */,
				04314381296B449B0094D7E0 /* Release Development */,
			);
			defaultConfigurationIsVisible = 0;
			defaultConfigurationName = "Debug Development";
		};
/* End XCConfigurationList section */

/* Begin XCRemoteSwiftPackageReference section */
		041412FC2978C82B008A35DA /* XCRemoteSwiftPackageReference "firebase-ios-sdk" */ = {
			isa = XCRemoteSwiftPackageReference;
			repositoryURL = "https://github.com/firebase/firebase-ios-sdk.git";
			requirement = {
				kind = upToNextMajorVersion;
				minimumVersion = 9.0.0;
			};
		};
		0414130D297C5CFC008A35DA /* XCRemoteSwiftPackageReference "Nuke" */ = {
			isa = XCRemoteSwiftPackageReference;
			repositoryURL = "https://github.com/kean/Nuke.git";
			requirement = {
				kind = upToNextMajorVersion;
				minimumVersion = 11.0.0;
			};
		};
		04B1585B29903AF900846FDB /* XCRemoteSwiftPackageReference "AlertToast" */ = {
			isa = XCRemoteSwiftPackageReference;
			repositoryURL = "https://github.com/elai950/AlertToast.git";
			requirement = {
				kind = upToNextMajorVersion;
				minimumVersion = 1.0.0;
			};
		};
		04B9494A295E712200703523 /* XCRemoteSwiftPackageReference "SwiftKeychainWrapper" */ = {
			isa = XCRemoteSwiftPackageReference;
			repositoryURL = "https://github.com/jrendel/SwiftKeychainWrapper";
			requirement = {
				kind = upToNextMajorVersion;
				minimumVersion = 4.0.0;
			};
		};
		273CBAB62B6C5FD00051789B /* XCRemoteSwiftPackageReference "Mantis" */ = {
			isa = XCRemoteSwiftPackageReference;
			repositoryURL = "https://github.com/guoyingtao/Mantis.git";
			requirement = {
				kind = exactVersion;
				version = 2.18.0;
			};
		};
		277D25182B55ADF000D1D717 /* XCRemoteSwiftPackageReference "WrappingHStack" */ = {
			isa = XCRemoteSwiftPackageReference;
			repositoryURL = "https://github.com/ksemianov/WrappingHStack";
			requirement = {
				kind = upToNextMajorVersion;
				minimumVersion = 0.2.0;
			};
		};
/* End XCRemoteSwiftPackageReference section */

/* Begin XCSwiftPackageProductDependency section */
		04B158472987F47B00846FDB /* Nuke */ = {
			isa = XCSwiftPackageProductDependency;
			package = 0414130D297C5CFC008A35DA /* XCRemoteSwiftPackageReference "Nuke" */;
			productName = Nuke;
		};
		04B158492987F47B00846FDB /* NukeExtensions */ = {
			isa = XCSwiftPackageProductDependency;
			package = 0414130D297C5CFC008A35DA /* XCRemoteSwiftPackageReference "Nuke" */;
			productName = NukeExtensions;
		};
		04B1584B2987F47B00846FDB /* NukeUI */ = {
			isa = XCSwiftPackageProductDependency;
			package = 0414130D297C5CFC008A35DA /* XCRemoteSwiftPackageReference "Nuke" */;
			productName = NukeUI;
		};
		04B1584D2987F47F00846FDB /* SwiftKeychainWrapper */ = {
			isa = XCSwiftPackageProductDependency;
			package = 04B9494A295E712200703523 /* XCRemoteSwiftPackageReference "SwiftKeychainWrapper" */;
			productName = SwiftKeychainWrapper;
		};
		04B1584F2987F49600846FDB /* FirebaseAnalytics */ = {
			isa = XCSwiftPackageProductDependency;
			package = 041412FC2978C82B008A35DA /* XCRemoteSwiftPackageReference "firebase-ios-sdk" */;
			productName = FirebaseAnalytics;
		};
		04B158512987F49600846FDB /* FirebaseAuth */ = {
			isa = XCSwiftPackageProductDependency;
			package = 041412FC2978C82B008A35DA /* XCRemoteSwiftPackageReference "firebase-ios-sdk" */;
			productName = FirebaseAuth;
		};
		04B158532987F49600846FDB /* FirebaseFirestore */ = {
			isa = XCSwiftPackageProductDependency;
			package = 041412FC2978C82B008A35DA /* XCRemoteSwiftPackageReference "firebase-ios-sdk" */;
			productName = FirebaseFirestore;
		};
		04B158552987F49600846FDB /* FirebaseMessaging */ = {
			isa = XCSwiftPackageProductDependency;
			package = 041412FC2978C82B008A35DA /* XCRemoteSwiftPackageReference "firebase-ios-sdk" */;
			productName = FirebaseMessaging;
		};
		04B1585C29903AFA00846FDB /* AlertToast */ = {
			isa = XCSwiftPackageProductDependency;
			package = 04B1585B29903AF900846FDB /* XCRemoteSwiftPackageReference "AlertToast" */;
			productName = AlertToast;
		};
		273CBAB72B6C5FD00051789B /* Mantis */ = {
			isa = XCSwiftPackageProductDependency;
			package = 273CBAB62B6C5FD00051789B /* XCRemoteSwiftPackageReference "Mantis" */;
			productName = Mantis;
		};
		277D25192B55ADF000D1D717 /* WrappingHStack */ = {
			isa = XCSwiftPackageProductDependency;
			package = 277D25182B55ADF000D1D717 /* XCRemoteSwiftPackageReference "WrappingHStack" */;
			productName = WrappingHStack;
		};
/* End XCSwiftPackageProductDependency section */
	};
	rootObject = 04B948F0295DEA5C00703523 /* Project object */;
}
